# This file is automatically @generated by Poetry 1.8.2 and should not be changed by hand.

[[package]]
name = "blinker"
version = "1.7.0"
description = "Fast, simple object-to-object and broadcast signaling"
optional = false
python-versions = ">=3.8"
files = [
    {file = "blinker-1.7.0-py3-none-any.whl", hash = "sha256:c3f865d4d54db7abc53758a01601cf343fe55b84c1de4e3fa910e420b438d5b9"},
    {file = "blinker-1.7.0.tar.gz", hash = "sha256:e6820ff6fa4e4d1d8e2747c2283749c3f547e4fee112b98555cdcdae32996182"},
]

[[package]]
name = "click"
version = "8.1.7"
description = "Composable command line interface toolkit"
optional = false
python-versions = ">=3.7"
files = [
    {file = "click-8.1.7-py3-none-any.whl", hash = "sha256:ae74fb96c20a0277a1d615f1e4d73c8414f5a98db8b799a7931d1582f3390c28"},
    {file = "click-8.1.7.tar.gz", hash = "sha256:ca9853ad459e787e2192211578cc907e7594e294c7ccc834310722b41b9ca6de"},
]

[package.dependencies]
colorama = {version = "*", markers = "platform_system == \"Windows\""}

[[package]]
name = "colorama"
version = "0.4.6"
description = "Cross-platform colored terminal text."
optional = false
python-versions = "!=3.0.*,!=3.1.*,!=3.2.*,!=3.3.*,!=3.4.*,!=3.5.*,!=3.6.*,>=2.7"
files = [
    {file = "colorama-0.4.6-py2.py3-none-any.whl", hash = "sha256:4f1d9991f5acc0ca119f9d443620b77f9d6b33703e51011c16baf57afb285fc6"},
    {file = "colorama-0.4.6.tar.gz", hash = "sha256:08695f5cb7ed6e0531a20572697297273c47b8cae5a63ffc6d6ed5c201be6e44"},
]

[[package]]
name = "dnspython"
version = "2.6.1"
description = "DNS toolkit"
optional = false
python-versions = ">=3.8"
files = [
    {file = "dnspython-2.6.1-py3-none-any.whl", hash = "sha256:5ef3b9680161f6fa89daf8ad451b5f1a33b18ae8a1c6778cdf4b43f08c0a6e50"},
    {file = "dnspython-2.6.1.tar.gz", hash = "sha256:e8f0f9c23a7b7cb99ded64e6c3a6f3e701d78f50c55e002b839dea7225cff7cc"},
]

[package.extras]
dev = ["black (>=23.1.0)", "coverage (>=7.0)", "flake8 (>=7)", "mypy (>=1.8)", "pylint (>=3)", "pytest (>=7.4)", "pytest-cov (>=4.1.0)", "sphinx (>=7.2.0)", "twine (>=4.0.0)", "wheel (>=0.42.0)"]
dnssec = ["cryptography (>=41)"]
doh = ["h2 (>=4.1.0)", "httpcore (>=1.0.0)", "httpx (>=0.26.0)"]
doq = ["aioquic (>=0.9.25)"]
idna = ["idna (>=3.6)"]
trio = ["trio (>=0.23)"]
wmi = ["wmi (>=1.5.1)"]

[[package]]
name = "flake8"
version = "6.1.0"
description = "the modular source code checker: pep8 pyflakes and co"
optional = false
python-versions = ">=3.8.1"
files = [
    {file = "flake8-6.1.0-py2.py3-none-any.whl", hash = "sha256:ffdfce58ea94c6580c77888a86506937f9a1a227dfcd15f245d694ae20a6b6e5"},
    {file = "flake8-6.1.0.tar.gz", hash = "sha256:d5b3857f07c030bdb5bf41c7f53799571d75c4491748a3adcd47de929e34cd23"},
]

[package.dependencies]
mccabe = ">=0.7.0,<0.8.0"
pycodestyle = ">=2.11.0,<2.12.0"
pyflakes = ">=3.1.0,<3.2.0"

[[package]]
name = "flask"
version = "3.0.3"
description = "A simple framework for building complex web applications."
optional = false
python-versions = ">=3.8"
files = [
    {file = "flask-3.0.3-py3-none-any.whl", hash = "sha256:34e815dfaa43340d1d15a5c3a02b8476004037eb4840b34910c6e21679d288f3"},
    {file = "flask-3.0.3.tar.gz", hash = "sha256:ceb27b0af3823ea2737928a4d99d125a06175b8512c445cbd9a9ce200ef76842"},
]

[package.dependencies]
blinker = ">=1.6.2"
click = ">=8.1.3"
itsdangerous = ">=2.1.2"
Jinja2 = ">=3.1.2"
Werkzeug = ">=3.0.0"

[package.extras]
async = ["asgiref (>=3.2)"]
dotenv = ["python-dotenv"]

[[package]]
name = "itsdangerous"
version = "2.1.2"
description = "Safely pass data to untrusted environments and back."
optional = false
python-versions = ">=3.7"
files = [
    {file = "itsdangerous-2.1.2-py3-none-any.whl", hash = "sha256:2c2349112351b88699d8d4b6b075022c0808887cb7ad10069318a8b0bc88db44"},
    {file = "itsdangerous-2.1.2.tar.gz", hash = "sha256:5dbbc68b317e5e42f327f9021763545dc3fc3bfe22e6deb96aaf1fc38874156a"},
]

[[package]]
name = "jinja2"
version = "3.1.3"
description = "A very fast and expressive template engine."
optional = false
python-versions = ">=3.7"
files = [
    {file = "Jinja2-3.1.3-py3-none-any.whl", hash = "sha256:7d6d50dd97d52cbc355597bd845fabfbac3f551e1f99619e39a35ce8c370b5fa"},
    {file = "Jinja2-3.1.3.tar.gz", hash = "sha256:ac8bd6544d4bb2c9792bf3a159e80bba8fda7f07e81bc3aed565432d5925ba90"},
]

[package.dependencies]
MarkupSafe = ">=2.0"

[package.extras]
i18n = ["Babel (>=2.7)"]

[[package]]
name = "markupsafe"
version = "2.1.5"
description = "Safely add untrusted strings to HTML/XML markup."
optional = false
python-versions = ">=3.7"
files = [
    {file = "MarkupSafe-2.1.5-cp310-cp310-macosx_10_9_universal2.whl", hash = "sha256:a17a92de5231666cfbe003f0e4b9b3a7ae3afb1ec2845aadc2bacc93ff85febc"},
    {file = "MarkupSafe-2.1.5-cp310-cp310-macosx_10_9_x86_64.whl", hash = "sha256:72b6be590cc35924b02c78ef34b467da4ba07e4e0f0454a2c5907f473fc50ce5"},
    {file = "MarkupSafe-2.1.5-cp310-cp310-manylinux_2_17_aarch64.manylinux2014_aarch64.whl", hash = "sha256:e61659ba32cf2cf1481e575d0462554625196a1f2fc06a1c777d3f48e8865d46"},
    {file = "MarkupSafe-2.1.5-cp310-cp310-manylinux_2_17_x86_64.manylinux2014_x86_64.whl", hash = "sha256:2174c595a0d73a3080ca3257b40096db99799265e1c27cc5a610743acd86d62f"},
    {file = "MarkupSafe-2.1.5-cp310-cp310-manylinux_2_5_i686.manylinux1_i686.manylinux_2_17_i686.manylinux2014_i686.whl", hash = "sha256:ae2ad8ae6ebee9d2d94b17fb62763125f3f374c25618198f40cbb8b525411900"},
    {file = "MarkupSafe-2.1.5-cp310-cp310-musllinux_1_1_aarch64.whl", hash = "sha256:075202fa5b72c86ad32dc7d0b56024ebdbcf2048c0ba09f1cde31bfdd57bcfff"},
    {file = "MarkupSafe-2.1.5-cp310-cp310-musllinux_1_1_i686.whl", hash = "sha256:598e3276b64aff0e7b3451b72e94fa3c238d452e7ddcd893c3ab324717456bad"},
    {file = "MarkupSafe-2.1.5-cp310-cp310-musllinux_1_1_x86_64.whl", hash = "sha256:fce659a462a1be54d2ffcacea5e3ba2d74daa74f30f5f143fe0c58636e355fdd"},
    {file = "MarkupSafe-2.1.5-cp310-cp310-win32.whl", hash = "sha256:d9fad5155d72433c921b782e58892377c44bd6252b5af2f67f16b194987338a4"},
    {file = "MarkupSafe-2.1.5-cp310-cp310-win_amd64.whl", hash = "sha256:bf50cd79a75d181c9181df03572cdce0fbb75cc353bc350712073108cba98de5"},
    {file = "MarkupSafe-2.1.5-cp311-cp311-macosx_10_9_universal2.whl", hash = "sha256:629ddd2ca402ae6dbedfceeba9c46d5f7b2a61d9749597d4307f943ef198fc1f"},
    {file = "MarkupSafe-2.1.5-cp311-cp311-macosx_10_9_x86_64.whl", hash = "sha256:5b7b716f97b52c5a14bffdf688f971b2d5ef4029127f1ad7a513973cfd818df2"},
    {file = "MarkupSafe-2.1.5-cp311-cp311-manylinux_2_17_aarch64.manylinux2014_aarch64.whl", hash = "sha256:6ec585f69cec0aa07d945b20805be741395e28ac1627333b1c5b0105962ffced"},
    {file = "MarkupSafe-2.1.5-cp311-cp311-manylinux_2_17_x86_64.manylinux2014_x86_64.whl", hash = "sha256:b91c037585eba9095565a3556f611e3cbfaa42ca1e865f7b8015fe5c7336d5a5"},
    {file = "MarkupSafe-2.1.5-cp311-cp311-manylinux_2_5_i686.manylinux1_i686.manylinux_2_17_i686.manylinux2014_i686.whl", hash = "sha256:7502934a33b54030eaf1194c21c692a534196063db72176b0c4028e140f8f32c"},
    {file = "MarkupSafe-2.1.5-cp311-cp311-musllinux_1_1_aarch64.whl", hash = "sha256:0e397ac966fdf721b2c528cf028494e86172b4feba51d65f81ffd65c63798f3f"},
    {file = "MarkupSafe-2.1.5-cp311-cp311-musllinux_1_1_i686.whl", hash = "sha256:c061bb86a71b42465156a3ee7bd58c8c2ceacdbeb95d05a99893e08b8467359a"},
    {file = "MarkupSafe-2.1.5-cp311-cp311-musllinux_1_1_x86_64.whl", hash = "sha256:3a57fdd7ce31c7ff06cdfbf31dafa96cc533c21e443d57f5b1ecc6cdc668ec7f"},
    {file = "MarkupSafe-2.1.5-cp311-cp311-win32.whl", hash = "sha256:397081c1a0bfb5124355710fe79478cdbeb39626492b15d399526ae53422b906"},
    {file = "MarkupSafe-2.1.5-cp311-cp311-win_amd64.whl", hash = "sha256:2b7c57a4dfc4f16f7142221afe5ba4e093e09e728ca65c51f5620c9aaeb9a617"},
    {file = "MarkupSafe-2.1.5-cp312-cp312-macosx_10_9_universal2.whl", hash = "sha256:8dec4936e9c3100156f8a2dc89c4b88d5c435175ff03413b443469c7c8c5f4d1"},
    {file = "MarkupSafe-2.1.5-cp312-cp312-macosx_10_9_x86_64.whl", hash = "sha256:3c6b973f22eb18a789b1460b4b91bf04ae3f0c4234a0a6aa6b0a92f6f7b951d4"},
    {file = "MarkupSafe-2.1.5-cp312-cp312-manylinux_2_17_aarch64.manylinux2014_aarch64.whl", hash = "sha256:ac07bad82163452a6884fe8fa0963fb98c2346ba78d779ec06bd7a6262132aee"},
    {file = "MarkupSafe-2.1.5-cp312-cp312-manylinux_2_17_x86_64.manylinux2014_x86_64.whl", hash = "sha256:f5dfb42c4604dddc8e4305050aa6deb084540643ed5804d7455b5df8fe16f5e5"},
    {file = "MarkupSafe-2.1.5-cp312-cp312-manylinux_2_5_i686.manylinux1_i686.manylinux_2_17_i686.manylinux2014_i686.whl", hash = "sha256:ea3d8a3d18833cf4304cd2fc9cbb1efe188ca9b5efef2bdac7adc20594a0e46b"},
    {file = "MarkupSafe-2.1.5-cp312-cp312-musllinux_1_1_aarch64.whl", hash = "sha256:d050b3361367a06d752db6ead6e7edeb0009be66bc3bae0ee9d97fb326badc2a"},
    {file = "MarkupSafe-2.1.5-cp312-cp312-musllinux_1_1_i686.whl", hash = "sha256:bec0a414d016ac1a18862a519e54b2fd0fc8bbfd6890376898a6c0891dd82e9f"},
    {file = "MarkupSafe-2.1.5-cp312-cp312-musllinux_1_1_x86_64.whl", hash = "sha256:58c98fee265677f63a4385256a6d7683ab1832f3ddd1e66fe948d5880c21a169"},
    {file = "MarkupSafe-2.1.5-cp312-cp312-win32.whl", hash = "sha256:8590b4ae07a35970728874632fed7bd57b26b0102df2d2b233b6d9d82f6c62ad"},
    {file = "MarkupSafe-2.1.5-cp312-cp312-win_amd64.whl", hash = "sha256:823b65d8706e32ad2df51ed89496147a42a2a6e01c13cfb6ffb8b1e92bc910bb"},
    {file = "MarkupSafe-2.1.5-cp37-cp37m-macosx_10_9_x86_64.whl", hash = "sha256:c8b29db45f8fe46ad280a7294f5c3ec36dbac9491f2d1c17345be8e69cc5928f"},
    {file = "MarkupSafe-2.1.5-cp37-cp37m-manylinux_2_17_aarch64.manylinux2014_aarch64.whl", hash = "sha256:ec6a563cff360b50eed26f13adc43e61bc0c04d94b8be985e6fb24b81f6dcfdf"},
    {file = "MarkupSafe-2.1.5-cp37-cp37m-manylinux_2_17_x86_64.manylinux2014_x86_64.whl", hash = "sha256:a549b9c31bec33820e885335b451286e2969a2d9e24879f83fe904a5ce59d70a"},
    {file = "MarkupSafe-2.1.5-cp37-cp37m-manylinux_2_5_i686.manylinux1_i686.manylinux_2_17_i686.manylinux2014_i686.whl", hash = "sha256:4f11aa001c540f62c6166c7726f71f7573b52c68c31f014c25cc7901deea0b52"},
    {file = "MarkupSafe-2.1.5-cp37-cp37m-musllinux_1_1_aarch64.whl", hash = "sha256:7b2e5a267c855eea6b4283940daa6e88a285f5f2a67f2220203786dfa59b37e9"},
    {file = "MarkupSafe-2.1.5-cp37-cp37m-musllinux_1_1_i686.whl", hash = "sha256:2d2d793e36e230fd32babe143b04cec8a8b3eb8a3122d2aceb4a371e6b09b8df"},
    {file = "MarkupSafe-2.1.5-cp37-cp37m-musllinux_1_1_x86_64.whl", hash = "sha256:ce409136744f6521e39fd8e2a24c53fa18ad67aa5bc7c2cf83645cce5b5c4e50"},
    {file = "MarkupSafe-2.1.5-cp37-cp37m-win32.whl", hash = "sha256:4096e9de5c6fdf43fb4f04c26fb114f61ef0bf2e5604b6ee3019d51b69e8c371"},
    {file = "MarkupSafe-2.1.5-cp37-cp37m-win_amd64.whl", hash = "sha256:4275d846e41ecefa46e2015117a9f491e57a71ddd59bbead77e904dc02b1bed2"},
    {file = "MarkupSafe-2.1.5-cp38-cp38-macosx_10_9_universal2.whl", hash = "sha256:656f7526c69fac7f600bd1f400991cc282b417d17539a1b228617081106feb4a"},
    {file = "MarkupSafe-2.1.5-cp38-cp38-macosx_10_9_x86_64.whl", hash = "sha256:97cafb1f3cbcd3fd2b6fbfb99ae11cdb14deea0736fc2b0952ee177f2b813a46"},
    {file = "MarkupSafe-2.1.5-cp38-cp38-manylinux_2_17_aarch64.manylinux2014_aarch64.whl", hash = "sha256:1f3fbcb7ef1f16e48246f704ab79d79da8a46891e2da03f8783a5b6fa41a9532"},
    {file = "MarkupSafe-2.1.5-cp38-cp38-manylinux_2_17_x86_64.manylinux2014_x86_64.whl", hash = "sha256:fa9db3f79de01457b03d4f01b34cf91bc0048eb2c3846ff26f66687c2f6d16ab"},
    {file = "MarkupSafe-2.1.5-cp38-cp38-manylinux_2_5_i686.manylinux1_i686.manylinux_2_17_i686.manylinux2014_i686.whl", hash = "sha256:ffee1f21e5ef0d712f9033568f8344d5da8cc2869dbd08d87c84656e6a2d2f68"},
    {file = "MarkupSafe-2.1.5-cp38-cp38-musllinux_1_1_aarch64.whl", hash = "sha256:5dedb4db619ba5a2787a94d877bc8ffc0566f92a01c0ef214865e54ecc9ee5e0"},
    {file = "MarkupSafe-2.1.5-cp38-cp38-musllinux_1_1_i686.whl", hash = "sha256:30b600cf0a7ac9234b2638fbc0fb6158ba5bdcdf46aeb631ead21248b9affbc4"},
    {file = "MarkupSafe-2.1.5-cp38-cp38-musllinux_1_1_x86_64.whl", hash = "sha256:8dd717634f5a044f860435c1d8c16a270ddf0ef8588d4887037c5028b859b0c3"},
    {file = "MarkupSafe-2.1.5-cp38-cp38-win32.whl", hash = "sha256:daa4ee5a243f0f20d528d939d06670a298dd39b1ad5f8a72a4275124a7819eff"},
    {file = "MarkupSafe-2.1.5-cp38-cp38-win_amd64.whl", hash = "sha256:619bc166c4f2de5caa5a633b8b7326fbe98e0ccbfacabd87268a2b15ff73a029"},
    {file = "MarkupSafe-2.1.5-cp39-cp39-macosx_10_9_universal2.whl", hash = "sha256:7a68b554d356a91cce1236aa7682dc01df0edba8d043fd1ce607c49dd3c1edcf"},
    {file = "MarkupSafe-2.1.5-cp39-cp39-macosx_10_9_x86_64.whl", hash = "sha256:db0b55e0f3cc0be60c1f19efdde9a637c32740486004f20d1cff53c3c0ece4d2"},
    {file = "MarkupSafe-2.1.5-cp39-cp39-manylinux_2_17_aarch64.manylinux2014_aarch64.whl", hash = "sha256:3e53af139f8579a6d5f7b76549125f0d94d7e630761a2111bc431fd820e163b8"},
    {file = "MarkupSafe-2.1.5-cp39-cp39-manylinux_2_17_x86_64.manylinux2014_x86_64.whl", hash = "sha256:17b950fccb810b3293638215058e432159d2b71005c74371d784862b7e4683f3"},
    {file = "MarkupSafe-2.1.5-cp39-cp39-manylinux_2_5_i686.manylinux1_i686.manylinux_2_17_i686.manylinux2014_i686.whl", hash = "sha256:4c31f53cdae6ecfa91a77820e8b151dba54ab528ba65dfd235c80b086d68a465"},
    {file = "MarkupSafe-2.1.5-cp39-cp39-musllinux_1_1_aarch64.whl", hash = "sha256:bff1b4290a66b490a2f4719358c0cdcd9bafb6b8f061e45c7a2460866bf50c2e"},
    {file = "MarkupSafe-2.1.5-cp39-cp39-musllinux_1_1_i686.whl", hash = "sha256:bc1667f8b83f48511b94671e0e441401371dfd0f0a795c7daa4a3cd1dde55bea"},
    {file = "MarkupSafe-2.1.5-cp39-cp39-musllinux_1_1_x86_64.whl", hash = "sha256:5049256f536511ee3f7e1b3f87d1d1209d327e818e6ae1365e8653d7e3abb6a6"},
    {file = "MarkupSafe-2.1.5-cp39-cp39-win32.whl", hash = "sha256:00e046b6dd71aa03a41079792f8473dc494d564611a8f89bbbd7cb93295ebdcf"},
    {file = "MarkupSafe-2.1.5-cp39-cp39-win_amd64.whl", hash = "sha256:fa173ec60341d6bb97a89f5ea19c85c5643c1e7dedebc22f5181eb73573142c5"},
    {file = "MarkupSafe-2.1.5.tar.gz", hash = "sha256:d283d37a890ba4c1ae73ffadf8046435c76e7bc2247bbb63c00bd1a709c6544b"},
]

[[package]]
name = "mccabe"
version = "0.7.0"
description = "McCabe checker, plugin for flake8"
optional = false
python-versions = ">=3.6"
files = [
    {file = "mccabe-0.7.0-py2.py3-none-any.whl", hash = "sha256:6c2d30ab6be0e4a46919781807b4f0d834ebdd6c6e3dca0bda5a15f863427b6e"},
    {file = "mccabe-0.7.0.tar.gz", hash = "sha256:348e0240c33b60bbdf4e523192ef919f28cb2c3d7d5c7794f74009290f236325"},
]

[[package]]
name = "mongoengine"
version = "0.28.2"
description = "MongoEngine is a Python Object-Document Mapper for working with MongoDB."
optional = false
python-versions = ">=3.7"
files = [
    {file = "mongoengine-0.28.2-py3-none-any.whl", hash = "sha256:8e0f84a5ad3d335e5da98261454d4ab546c866241ed064adc6433fe2077d43c9"},
    {file = "mongoengine-0.28.2.tar.gz", hash = "sha256:67c35a2ebe0ee7fd8eda3766dc251b9e0aada4489bb935f7a55b4c570d148ca7"},
]

[package.dependencies]
pymongo = ">=3.4,<5.0"

[[package]]
name = "pycodestyle"
version = "2.11.1"
description = "Python style guide checker"
optional = false
python-versions = ">=3.8"
files = [
    {file = "pycodestyle-2.11.1-py2.py3-none-any.whl", hash = "sha256:44fe31000b2d866f2e41841b18528a505fbd7fef9017b04eff4e2648a0fadc67"},
    {file = "pycodestyle-2.11.1.tar.gz", hash = "sha256:41ba0e7afc9752dfb53ced5489e89f8186be00e599e712660695b7a75ff2663f"},
]

[[package]]
name = "pyflakes"
version = "3.1.0"
description = "passive checker of Python programs"
optional = false
python-versions = ">=3.8"
files = [
    {file = "pyflakes-3.1.0-py2.py3-none-any.whl", hash = "sha256:4132f6d49cb4dae6819e5379898f2b8cce3c5f23994194c24b77d5da2e36f774"},
    {file = "pyflakes-3.1.0.tar.gz", hash = "sha256:a0aae034c444db0071aa077972ba4768d40c830d9539fd45bf4cd3f8f6992efc"},
]

[[package]]
name = "pymongo"
version = "4.6.3"
description = "Python driver for MongoDB <http://www.mongodb.org>"
optional = false
python-versions = ">=3.7"
files = [
    {file = "pymongo-4.6.3-cp310-cp310-macosx_10_9_universal2.whl", hash = "sha256:e344d0afdd7c06c1f1e66a4736593293f432defc2191e6b411fc9c82fa8c5adc"},
    {file = "pymongo-4.6.3-cp310-cp310-manylinux1_i686.whl", hash = "sha256:731a92dfc4022db763bfa835c6bd160f2d2cba6ada75749c2ed500e13983414b"},
    {file = "pymongo-4.6.3-cp310-cp310-manylinux2014_aarch64.whl", hash = "sha256:c4726e36a2f7e92f09f5b8e92ba4db7525daffe31a0dcbcf0533edc0ade8c7d8"},
    {file = "pymongo-4.6.3-cp310-cp310-manylinux2014_i686.whl", hash = "sha256:00e6cfce111883ca63a3c12878286e0b89871f4b840290e61fb6f88ee0e687be"},
    {file = "pymongo-4.6.3-cp310-cp310-manylinux2014_ppc64le.whl", hash = "sha256:cc7a26edf79015c58eea46feb5b262cece55bc1d4929a8a9e0cbe7e6d6a9b0eb"},
    {file = "pymongo-4.6.3-cp310-cp310-manylinux2014_s390x.whl", hash = "sha256:4955be64d943b30f2a7ff98d818ca530f7cb37450bc6b32c37e0e74821907ef8"},
    {file = "pymongo-4.6.3-cp310-cp310-manylinux2014_x86_64.whl", hash = "sha256:af039afc6d787502c02089759778b550cb2f25dbe2780f5b050a2e37031c3fbf"},
    {file = "pymongo-4.6.3-cp310-cp310-manylinux_2_17_aarch64.manylinux2014_aarch64.whl", hash = "sha256:ccc15a7c7a99aed7d0831eaf78a607f1db0c7a255f96e3d18984231acd72f70c"},
    {file = "pymongo-4.6.3-cp310-cp310-manylinux_2_17_ppc64le.manylinux2014_ppc64le.whl", hash = "sha256:8e97c138d811e9367723fcd07c4402a9211caae20479fdd6301d57762778a69f"},
    {file = "pymongo-4.6.3-cp310-cp310-manylinux_2_17_s390x.manylinux2014_s390x.whl", hash = "sha256:ebcc145c74d06296ce0cad35992185064e5cb2aadef719586778c144f0cd4d37"},
    {file = "pymongo-4.6.3-cp310-cp310-manylinux_2_17_x86_64.manylinux2014_x86_64.whl", hash = "sha256:664c64b6bdb31aceb80f0556951e5e2bf50d359270732268b4e7af00a1cf5d6c"},
    {file = "pymongo-4.6.3-cp310-cp310-manylinux_2_5_i686.manylinux1_i686.manylinux_2_17_i686.manylinux2014_i686.whl", hash = "sha256:e4056bc421d4df2c61db4e584415f2b0f1eebb92cbf9222f7f38303467c37117"},
    {file = "pymongo-4.6.3-cp310-cp310-win32.whl", hash = "sha256:cdbea2aac1a4caa66ee912af3601557d2bda2f9f69feec83601c78c7e53ece64"},
    {file = "pymongo-4.6.3-cp310-cp310-win_amd64.whl", hash = "sha256:6cec7279e5a1b74b257d0270a8c97943d745811066630a6bc6beb413c68c6a33"},
    {file = "pymongo-4.6.3-cp311-cp311-macosx_10_9_universal2.whl", hash = "sha256:138b9fa18d40401c217bc038a48bcde4160b02d36d8632015b1804971a2eaa2f"},
    {file = "pymongo-4.6.3-cp311-cp311-manylinux_2_17_aarch64.manylinux2014_aarch64.whl", hash = "sha256:60931b0e07448afe8866ffff764cd5bf4b1a855dc84c7dcb3974c6aa6a377a59"},
    {file = "pymongo-4.6.3-cp311-cp311-manylinux_2_17_ppc64le.manylinux2014_ppc64le.whl", hash = "sha256:9b35f8bded43ff91475305445fedf0613f880ff7e25c75ae1028e1260a9b7a86"},
    {file = "pymongo-4.6.3-cp311-cp311-manylinux_2_17_s390x.manylinux2014_s390x.whl", hash = "sha256:872bad5c83f7eec9da11e1fef5f858c6a4c79fe4a83c7780e7b0fe95d560ae3f"},
    {file = "pymongo-4.6.3-cp311-cp311-manylinux_2_17_x86_64.manylinux2014_x86_64.whl", hash = "sha256:c2ad3e5bfcd345c0bfe9af69a82d720860b5b043c1657ffb513c18a0dee19c19"},
    {file = "pymongo-4.6.3-cp311-cp311-manylinux_2_5_i686.manylinux1_i686.manylinux_2_17_i686.manylinux2014_i686.whl", hash = "sha256:0e208f2ab7b495eff8fd175022abfb0abce6307ac5aee3f4de51fc1a459b71c9"},
    {file = "pymongo-4.6.3-cp311-cp311-win32.whl", hash = "sha256:4670edbb5ddd71a4d555668ef99b032a5f81b59e4145d66123aa0d831eac7883"},
    {file = "pymongo-4.6.3-cp311-cp311-win_amd64.whl", hash = "sha256:1c2761302b6cbfd12e239ce1b8061d4cf424a361d199dcb32da534985cae9350"},
    {file = "pymongo-4.6.3-cp312-cp312-macosx_10_9_universal2.whl", hash = "sha256:722f2b709b63311c0efda4fa4c603661faa4bec6bad24a6cc41a3bc6d841bf09"},
    {file = "pymongo-4.6.3-cp312-cp312-manylinux_2_17_aarch64.manylinux2014_aarch64.whl", hash = "sha256:994386a4d6ad39e18bcede6dc8d1d693ec3ed897b88f86b1841fbc37227406da"},
    {file = "pymongo-4.6.3-cp312-cp312-manylinux_2_17_ppc64le.manylinux2014_ppc64le.whl", hash = "sha256:391aea047bba928006114282f175bc8d09c53fe1b7d8920bf888325e229302fe"},
    {file = "pymongo-4.6.3-cp312-cp312-manylinux_2_17_s390x.manylinux2014_s390x.whl", hash = "sha256:f4330c022024e7994b630199cdae909123e4b0e9cf15335de71b146c0f6a2435"},
    {file = "pymongo-4.6.3-cp312-cp312-manylinux_2_17_x86_64.manylinux2014_x86_64.whl", hash = "sha256:01277a7e183c59081368e4efbde2b8f577014431b257959ca98d3a4e8682dd51"},
    {file = "pymongo-4.6.3-cp312-cp312-manylinux_2_5_i686.manylinux1_i686.manylinux_2_17_i686.manylinux2014_i686.whl", hash = "sha256:d30d5d7963453b478016bf7b0d87d7089ca24d93dbdecfbc9aa32f1b4772160a"},
    {file = "pymongo-4.6.3-cp312-cp312-win32.whl", hash = "sha256:a023804a3ac0f85d4510265b60978522368b5815772262e61e3a2222a8b315c9"},
    {file = "pymongo-4.6.3-cp312-cp312-win_amd64.whl", hash = "sha256:2a6ae9a600bbc2dbff719c98bf5da584fb8a4f2bb23729a09be2e9c3dbc61c8a"},
    {file = "pymongo-4.6.3-cp37-cp37m-macosx_10_6_intel.whl", hash = "sha256:3b909e5b1864de01510079b39bbdc480720c37747be5552b354bc73f02c24a3c"},
    {file = "pymongo-4.6.3-cp37-cp37m-manylinux1_i686.whl", hash = "sha256:48c60bd32ec141c0d45d8471179430003d9fb4490da181b8165fb1dce9cc255c"},
    {file = "pymongo-4.6.3-cp37-cp37m-manylinux1_x86_64.whl", hash = "sha256:36d7049fc183fe4edda3eae7f66ea14c660921429e082fe90b4b7f4dc6664a70"},
    {file = "pymongo-4.6.3-cp37-cp37m-manylinux2014_aarch64.whl", hash = "sha256:18e5c161b18660f1c9d1f78236de45520a436be65e42b7bb51f25f74ad22bdde"},
    {file = "pymongo-4.6.3-cp37-cp37m-manylinux2014_i686.whl", hash = "sha256:e458e6fc2b7dd40d15cda04898bd2d8c9ff7ae086c516bc261628d54eb4e3158"},
    {file = "pymongo-4.6.3-cp37-cp37m-manylinux2014_ppc64le.whl", hash = "sha256:e420e74c6db4594a6d09f39b58c0772679006cb0b4fc40901ba608794d87dad2"},
    {file = "pymongo-4.6.3-cp37-cp37m-manylinux2014_s390x.whl", hash = "sha256:9c9340c7161e112e36ebb97fbba1cdbe7db3dfacb694d2918b1f155a01f3d859"},
    {file = "pymongo-4.6.3-cp37-cp37m-manylinux2014_x86_64.whl", hash = "sha256:26d036e0f5de09d0b21d0fc30314fcf2ae6359e4d43ae109aa6cf27b4ce02d30"},
    {file = "pymongo-4.6.3-cp37-cp37m-manylinux_2_17_aarch64.manylinux2014_aarch64.whl", hash = "sha256:b7cf28d9c90e40d4e385b858e4095739829f466f23e08674085161d86bb4bb10"},
    {file = "pymongo-4.6.3-cp37-cp37m-manylinux_2_17_ppc64le.manylinux2014_ppc64le.whl", hash = "sha256:9066dff9dc0a182478ca5885d0b8a2b820b462e19459ada109df7a3ced31b272"},
    {file = "pymongo-4.6.3-cp37-cp37m-manylinux_2_17_s390x.manylinux2014_s390x.whl", hash = "sha256:e1e1586ebdebe0447a24842480defac17c496430a218486c96e2da3f164c0f05"},
    {file = "pymongo-4.6.3-cp37-cp37m-manylinux_2_17_x86_64.manylinux2014_x86_64.whl", hash = "sha256:8b3853fb66bf34ce1b6e573e1bbb3cb28763be9d1f57758535757faf1ab2f24a"},
    {file = "pymongo-4.6.3-cp37-cp37m-manylinux_2_5_i686.manylinux1_i686.manylinux_2_17_i686.manylinux2014_i686.whl", hash = "sha256:462684a6f5ce6f2661c30eab4d1d459231e0eed280f338e716e31a24fc09ccb3"},
    {file = "pymongo-4.6.3-cp37-cp37m-manylinux_2_5_i686.manylinux1_i686.whl", hash = "sha256:0a4ea44e5a913bdb7c9abd34c69e9fcfac10dfaf49765463e0dc1ea922dd2a9d"},
    {file = "pymongo-4.6.3-cp37-cp37m-manylinux_2_5_x86_64.manylinux1_x86_64.whl", hash = "sha256:098d420a8214ad25f872de7e8b309441995d12ece0376218a04d9ed5d2222cf3"},
    {file = "pymongo-4.6.3-cp37-cp37m-win32.whl", hash = "sha256:7330245253fbe2e09845069d2f4d35dd27f63e377034c94cb0ddac18bc8b0d82"},
    {file = "pymongo-4.6.3-cp37-cp37m-win_amd64.whl", hash = "sha256:151361c101600a85cb1c1e0db4e4b28318b521fcafa9b62d389f7342faaaee80"},
    {file = "pymongo-4.6.3-cp38-cp38-macosx_11_0_universal2.whl", hash = "sha256:4d167d546352869125dc86f6fda6dffc627d8a9c8963eaee665825f2520d542b"},
    {file = "pymongo-4.6.3-cp38-cp38-manylinux1_i686.whl", hash = "sha256:eaf3d594ebfd5e1f3503d81e06a5d78e33cda27418b36c2491c3d4ad4fca5972"},
    {file = "pymongo-4.6.3-cp38-cp38-manylinux1_x86_64.whl", hash = "sha256:7ee79e02a7c5ed34706ecb5dad19e6c7d267cf86d28c075ef3127c58f3081279"},
    {file = "pymongo-4.6.3-cp38-cp38-manylinux2014_aarch64.whl", hash = "sha256:af5c5112db04cf62a5d9d224a24f289aaecb47d152c08a457cca81cee061d5bd"},
    {file = "pymongo-4.6.3-cp38-cp38-manylinux2014_i686.whl", hash = "sha256:6b5aec78aa4840e8d6c3881900259892ab5733a366696ca10d99d68c3d73eaaf"},
    {file = "pymongo-4.6.3-cp38-cp38-manylinux2014_ppc64le.whl", hash = "sha256:9757602fb45c8ecc1883fe6db7c59c19d87eb3c645ec9342d28a6026837da931"},
    {file = "pymongo-4.6.3-cp38-cp38-manylinux2014_s390x.whl", hash = "sha256:dde9fb6e105ce054339256a8b7a9775212ebb29596ef4e402d7bbc63b354d202"},
    {file = "pymongo-4.6.3-cp38-cp38-manylinux2014_x86_64.whl", hash = "sha256:7df8b166d3db6cfead4cf55b481408d8f0935d8bd8d6dbf64507c49ef82c7200"},
    {file = "pymongo-4.6.3-cp38-cp38-manylinux_2_17_aarch64.manylinux2014_aarch64.whl", hash = "sha256:53451190b8628e1ce7d1fe105dc376c3f10705127bd3b51fe3e107b9ff1851e6"},
    {file = "pymongo-4.6.3-cp38-cp38-manylinux_2_17_ppc64le.manylinux2014_ppc64le.whl", hash = "sha256:75107a386d4ccf5291e75cce8ca3898430e7907f4cc1208a17c9efad33a1ea84"},
    {file = "pymongo-4.6.3-cp38-cp38-manylinux_2_17_s390x.manylinux2014_s390x.whl", hash = "sha256:4a0660ce32d8459b7f12dc3ca0141528fead62d3cce31b548f96f30902074cc0"},
    {file = "pymongo-4.6.3-cp38-cp38-manylinux_2_17_x86_64.manylinux2014_x86_64.whl", hash = "sha256:aa310096450e9c461b7dfd66cbc1c41771fe36c06200440bb3e062b1d4a06b6e"},
    {file = "pymongo-4.6.3-cp38-cp38-manylinux_2_5_i686.manylinux1_i686.manylinux_2_17_i686.manylinux2014_i686.whl", hash = "sha256:5f465cca9b178e7bb782f952dd58e9e92f8ba056e585959465f2bb50feddef5f"},
    {file = "pymongo-4.6.3-cp38-cp38-manylinux_2_5_i686.manylinux1_i686.whl", hash = "sha256:c67c19f653053ef2ebd7f1837c2978400058d6d7f66ec5760373a21eaf660158"},
    {file = "pymongo-4.6.3-cp38-cp38-manylinux_2_5_x86_64.manylinux1_x86_64.whl", hash = "sha256:c701de8e483fb5e53874aab642235361aac6de698146b02c644389eaa8c137b6"},
    {file = "pymongo-4.6.3-cp38-cp38-win32.whl", hash = "sha256:90525454546536544307e6da9c81f331a71a1b144e2d038fec587cc9f9250285"},
    {file = "pymongo-4.6.3-cp38-cp38-win_amd64.whl", hash = "sha256:3e1ba5a037c526a3f4060c28f8d45d71ed9626e2bf954b0cd9a8dcc3b45172ee"},
    {file = "pymongo-4.6.3-cp39-cp39-macosx_10_9_universal2.whl", hash = "sha256:14a82593528cddc93cfea5ee78fac95ae763a3a4e124ca79ee0b24fbbc6da1c9"},
    {file = "pymongo-4.6.3-cp39-cp39-manylinux1_i686.whl", hash = "sha256:cd6c15242d9306ff1748681c3235284cbe9f807aeaa86cd17d85e72af626e9a7"},
    {file = "pymongo-4.6.3-cp39-cp39-manylinux1_x86_64.whl", hash = "sha256:6de33f1b2eed91b802ec7abeb92ffb981d052f3604b45588309aae9e0f6e3c02"},
    {file = "pymongo-4.6.3-cp39-cp39-manylinux2014_aarch64.whl", hash = "sha256:0182899aafe830f25cf96c5976d724efeaaf7b6646c15424ad8dd25422b2efe1"},
    {file = "pymongo-4.6.3-cp39-cp39-manylinux2014_i686.whl", hash = "sha256:8d0ea740a2faa56f930dc82c5976d96c017ece26b29a1cddafb58721c7aab960"},
    {file = "pymongo-4.6.3-cp39-cp39-manylinux2014_ppc64le.whl", hash = "sha256:5c8a4982f5eb767c6fbfb8fb378683d09bcab7c3251ba64357eef600d43f6c23"},
    {file = "pymongo-4.6.3-cp39-cp39-manylinux2014_s390x.whl", hash = "sha256:becfa816545a48c8e740ac2fd624c1c121e1362072d68ffcf37a6b1be8ea187e"},
    {file = "pymongo-4.6.3-cp39-cp39-manylinux2014_x86_64.whl", hash = "sha256:ff7d1f449fcad23d9bc8e8dc2b9972be38bcd76d99ea5f7d29b2efa929c2a7ff"},
    {file = "pymongo-4.6.3-cp39-cp39-manylinux_2_17_aarch64.manylinux2014_aarch64.whl", hash = "sha256:e097f877de4d6af13a33ef938bf2a2350f424be5deabf8b857da95f5b080487a"},
    {file = "pymongo-4.6.3-cp39-cp39-manylinux_2_17_ppc64le.manylinux2014_ppc64le.whl", hash = "sha256:705a9bfd619301ee7e985d6f91f68b15dfcb2f6f36b8cc225cc82d4260d2bce5"},
    {file = "pymongo-4.6.3-cp39-cp39-manylinux_2_17_s390x.manylinux2014_s390x.whl", hash = "sha256:2ef1b4992ee1cb8bb16745e70afa0c02c5360220a7a8bb4775888721f052d0a6"},
    {file = "pymongo-4.6.3-cp39-cp39-manylinux_2_17_x86_64.manylinux2014_x86_64.whl", hash = "sha256:b3d10bdd46cbc35a2109737d36ffbef32e7420569a87904738ad444ccb7ac2c5"},
    {file = "pymongo-4.6.3-cp39-cp39-manylinux_2_5_i686.manylinux1_i686.manylinux_2_17_i686.manylinux2014_i686.whl", hash = "sha256:17c1c143ba77d6e21fc8b48e93f0a5ed982a23447434e9ee4fbb6d633402506b"},
    {file = "pymongo-4.6.3-cp39-cp39-manylinux_2_5_i686.manylinux1_i686.whl", hash = "sha256:9e51e30d67b468a2a634ade928b30cb3e420127f148a9aec60de33f39087bdc4"},
    {file = "pymongo-4.6.3-cp39-cp39-manylinux_2_5_x86_64.manylinux1_x86_64.whl", hash = "sha256:bec8e4e88984be157408f1923d25869e1b575c07711cdbdde596f66931800934"},
    {file = "pymongo-4.6.3-cp39-cp39-win32.whl", hash = "sha256:98877a9c4ad42df8253a12d8d17a3265781d1feb5c91c767bd153f88feb0b670"},
    {file = "pymongo-4.6.3-cp39-cp39-win_amd64.whl", hash = "sha256:6d5b35da9e16cda630baed790ffc3d0d01029d269523a7cec34d2ec7e6823e75"},
    {file = "pymongo-4.6.3.tar.gz", hash = "sha256:400074090b9a631f120b42c61b222fd743490c133a5d2f99c0208cefcccc964e"},
]

[package.dependencies]
dnspython = ">=1.16.0,<3.0.0"

[package.extras]
aws = ["pymongo-auth-aws (<2.0.0)"]
encryption = ["certifi", "pymongo[aws]", "pymongocrypt (>=1.6.0,<2.0.0)"]
gssapi = ["pykerberos", "winkerberos (>=0.5.0)"]
ocsp = ["certifi", "cryptography (>=2.5)", "pyopenssl (>=17.2.0)", "requests (<3.0.0)", "service-identity (>=18.1.0)"]
snappy = ["python-snappy"]
test = ["pytest (>=7)"]
zstd = ["zstandard"]

[[package]]
name = "waitress"
version = "3.0.0"
description = "Waitress WSGI server"
optional = false
python-versions = ">=3.8.0"
files = [
    {file = "waitress-3.0.0-py3-none-any.whl", hash = "sha256:2a06f242f4ba0cc563444ca3d1998959447477363a2d7e9b8b4d75d35cfd1669"},
    {file = "waitress-3.0.0.tar.gz", hash = "sha256:005da479b04134cdd9dd602d1ee7c49d79de0537610d653674cc6cbde222b8a1"},
]

[package.extras]
docs = ["Sphinx (>=1.8.1)", "docutils", "pylons-sphinx-themes (>=1.0.9)"]
testing = ["coverage (>=5.0)", "pytest", "pytest-cov"]

[[package]]
name = "werkzeug"
version = "3.0.3"
description = "The comprehensive WSGI web application library."
optional = false
python-versions = ">=3.8"
files = [
    {file = "werkzeug-3.0.3-py3-none-any.whl", hash = "sha256:fc9645dc43e03e4d630d23143a04a7f947a9a3b5727cd535fdfe155a17cc48c8"},
    {file = "werkzeug-3.0.3.tar.gz", hash = "sha256:097e5bfda9f0aba8da6b8545146def481d06aa7d3266e7448e2cccf67dd8bd18"},
]

[package.dependencies]
MarkupSafe = ">=2.1.1"

[package.extras]
watchdog = ["watchdog (>=2.3)"]

[metadata]
lock-version = "2.0"
python-versions = "^3.10"
content-hash = "2684e3580e187072bd902d9ba5ae49f9fe91f5c2eec51d148a37c5b645ab3233"
