version = 1
revision = 3
requires-python = ">=3.11"

[[package]]
name = "blinker"
version = "1.9.0"
source = { registry = "https://pypi.org/simple" }
sdist = { url = "https://files.pythonhosted.org/packages/21/28/9b3f50ce0e048515135495f198351908d99540d69bfdc8c1d15b73dc55ce/blinker-1.9.0.tar.gz", hash = "sha256:b4ce2265a7abece45e7cc896e98dbebe6cead56bcf805a3d23136d145f5445bf", size = 22460, upload-time = "2024-11-08T17:25:47.436Z" }
wheels = [
    { url = "https://files.pythonhosted.org/packages/10/cb/f2ad4230dc2eb1a74edf38f1a38b9b52277f75bef262d8908e60d957e13c/blinker-1.9.0-py3-none-any.whl", hash = "sha256:ba0efaa9080b619ff2f3459d1d500c57bddea4a6b424b60a91141db6fd2f08bc", size = 8458, upload-time = "2024-11-08T17:25:46.184Z" },
]

[[package]]
name = "ccip-server"
version = "1.0.0"
source = { virtual = "." }
dependencies = [
    { name = "flask" },
    { name = "mongoengine" },
    { name = "waitress" },
]

[package.dev-dependencies]
dev = [
    { name = "flake8" },
]

[package.metadata]
requires-dist = [
    { name = "flask", specifier = ">=3.1.2" },
    { name = "mongoengine", specifier = ">=0.29.1" },
    { name = "waitress", specifier = ">=3.0.2" },
]

[package.metadata.requires-dev]
dev = [{ name = "flake8", specifier = ">=7.3.0" }]

[[package]]
name = "click"
version = "8.3.1"
source = { registry = "https://pypi.org/simple" }
dependencies = [
    { name = "colorama", marker = "sys_platform == 'win32'" },
]
sdist = { url = "https://files.pythonhosted.org/packages/3d/fa/656b739db8587d7b5dfa22e22ed02566950fbfbcdc20311993483657a5c0/click-8.3.1.tar.gz", hash = "sha256:12ff4785d337a1bb490bb7e9c2b1ee5da3112e94a8622f26a6c77f5d2fc6842a", size = 295065, upload-time = "2025-11-15T20:45:42.706Z" }
wheels = [
    { url = "https://files.pythonhosted.org/packages/98/78/01c019cdb5d6498122777c1a43056ebb3ebfeef2076d9d026bfe15583b2b/click-8.3.1-py3-none-any.whl", hash = "sha256:981153a64e25f12d547d3426c367a4857371575ee7ad18df2a6183ab0545b2a6", size = 108274, upload-time = "2025-11-15T20:45:41.139Z" },
]

[[package]]
name = "colorama"
version = "0.4.6"
source = { registry = "https://pypi.org/simple" }
sdist = { url = "https://files.pythonhosted.org/packages/d8/53/6f443c9a4a8358a93a6792e2acffb9d9d5cb0a5cfd8802644b7b1c9a02e4/colorama-0.4.6.tar.gz", hash = "sha256:08695f5cb7ed6e0531a20572697297273c47b8cae5a63ffc6d6ed5c201be6e44", size = 27697, upload-time = "2022-10-25T02:36:22.414Z" }
wheels = [
    { url = "https://files.pythonhosted.org/packages/d1/d6/3965ed04c63042e047cb6a3e6ed1a63a35087b6a609aa3a15ed8ac56c221/colorama-0.4.6-py2.py3-none-any.whl", hash = "sha256:4f1d9991f5acc0ca119f9d443620b77f9d6b33703e51011c16baf57afb285fc6", size = 25335, upload-time = "2022-10-25T02:36:20.889Z" },
]

[[package]]
name = "dnspython"
version = "2.8.0"
source = { registry = "https://pypi.org/simple" }
sdist = { url = "https://files.pythonhosted.org/packages/8c/8b/57666417c0f90f08bcafa776861060426765fdb422eb10212086fb811d26/dnspython-2.8.0.tar.gz", hash = "sha256:181d3c6996452cb1189c4046c61599b84a5a86e099562ffde77d26984ff26d0f", size = 368251, upload-time = "2025-09-07T18:58:00.022Z" }
wheels = [
    { url = "https://files.pythonhosted.org/packages/ba/5a/18ad964b0086c6e62e2e7500f7edc89e3faa45033c71c1893d34eed2b2de/dnspython-2.8.0-py3-none-any.whl", hash = "sha256:01d9bbc4a2d76bf0db7c1f729812ded6d912bd318d3b1cf81d30c0f845dbf3af", size = 331094, upload-time = "2025-09-07T18:57:58.071Z" },
]

[[package]]
name = "flake8"
version = "7.3.0"
source = { registry = "https://pypi.org/simple" }
dependencies = [
    { name = "mccabe" },
    { name = "pycodestyle" },
    { name = "pyflakes" },
]
sdist = { url = "https://files.pythonhosted.org/packages/9b/af/fbfe3c4b5a657d79e5c47a2827a362f9e1b763336a52f926126aa6dc7123/flake8-7.3.0.tar.gz", hash = "sha256:fe044858146b9fc69b551a4b490d69cf960fcb78ad1edcb84e7fbb1b4a8e3872", size = 48326, upload-time = "2025-06-20T19:31:35.838Z" }
wheels = [
    { url = "https://files.pythonhosted.org/packages/9f/56/13ab06b4f93ca7cac71078fbe37fcea175d3216f31f85c3168a6bbd0bb9a/flake8-7.3.0-py2.py3-none-any.whl", hash = "sha256:b9696257b9ce8beb888cdbe31cf885c90d31928fe202be0889a7cdafad32f01e", size = 57922, upload-time = "2025-06-20T19:31:34.425Z" },
]

[[package]]
name = "flask"
version = "3.1.3"
source = { registry = "https://pypi.org/simple" }
dependencies = [
    { name = "blinker" },
    { name = "click" },
    { name = "itsdangerous" },
    { name = "jinja2" },
    { name = "markupsafe" },
    { name = "werkzeug" },
]
sdist = { url = "https://files.pythonhosted.org/packages/26/00/35d85dcce6c57fdc871f3867d465d780f302a175ea360f62533f12b27e2b/flask-3.1.3.tar.gz", hash = "sha256:0ef0e52b8a9cd932855379197dd8f94047b359ca0a78695144304cb45f87c9eb", size = 759004, upload-time = "2026-02-19T05:00:57.678Z" }
wheels = [
    { url = "https://files.pythonhosted.org/packages/7f/9c/34f6962f9b9e9c71f6e5ed806e0d0ff03c9d1b0b2340088a0cf4bce09b18/flask-3.1.3-py3-none-any.whl", hash = "sha256:f4bcbefc124291925f1a26446da31a5178f9483862233b23c0c96a20701f670c", size = 103424, upload-time = "2026-02-19T05:00:56.027Z" },
]

[[package]]
name = "itsdangerous"
version = "2.2.0"
source = { registry = "https://pypi.org/simple" }
sdist = { url = "https://files.pythonhosted.org/packages/9c/cb/8ac0172223afbccb63986cc25049b154ecfb5e85932587206f42317be31d/itsdangerous-2.2.0.tar.gz", hash = "sha256:e0050c0b7da1eea53ffaf149c0cfbb5c6e2e2b69c4bef22c81fa6eb73e5f6173", size = 54410, upload-time = "2024-04-16T21:28:15.614Z" }
wheels = [
    { url = "https://files.pythonhosted.org/packages/04/96/92447566d16df59b2a776c0fb82dbc4d9e07cd95062562af01e408583fc4/itsdangerous-2.2.0-py3-none-any.whl", hash = "sha256:c6242fc49e35958c8b15141343aa660db5fc54d4f13a1db01a3f5891b98700ef", size = 16234, upload-time = "2024-04-16T21:28:14.499Z" },
]

[[package]]
name = "jinja2"
version = "3.1.6"
source = { registry = "https://pypi.org/simple" }
dependencies = [
    { name = "markupsafe" },
]
sdist = { url = "https://files.pythonhosted.org/packages/df/bf/f7da0350254c0ed7c72f3e33cef02e048281fec7ecec5f032d4aac52226b/jinja2-3.1.6.tar.gz", hash = "sha256:0137fb05990d35f1275a587e9aee6d56da821fc83491a0fb838183be43f66d6d", size = 245115, upload-time = "2025-03-05T20:05:02.478Z" }
wheels = [
    { url = "https://files.pythonhosted.org/packages/62/a1/3d680cbfd5f4b8f15abc1d571870c5fc3e594bb582bc3b64ea099db13e56/jinja2-3.1.6-py3-none-any.whl", hash = "sha256:85ece4451f492d0c13c5dd7c13a64681a86afae63a5f347908daf103ce6d2f67", size = 134899, upload-time = "2025-03-05T20:05:00.369Z" },
]

[[package]]
name = "markupsafe"
version = "3.0.3"
source = { registry = "https://pypi.org/simple" }
sdist = { url = "https://files.pythonhosted.org/packages/7e/99/7690b6d4034fffd95959cbe0c02de8deb3098cc577c67bb6a24fe5d7caa7/markupsafe-3.0.3.tar.gz", hash = "sha256:722695808f4b6457b320fdc131280796bdceb04ab50fe1795cd540799ebe1698", size = 80313, upload-time = "2025-09-27T18:37:40.426Z" }
wheels = [
    { url = "https://files.pythonhosted.org/packages/08/db/fefacb2136439fc8dd20e797950e749aa1f4997ed584c62cfb8ef7c2be0e/markupsafe-3.0.3-cp311-cp311-macosx_10_9_x86_64.whl", hash = "sha256:1cc7ea17a6824959616c525620e387f6dd30fec8cb44f649e31712db02123dad", size = 11631, upload-time = "2025-09-27T18:36:18.185Z" },
    { url = "https://files.pythonhosted.org/packages/e1/2e/5898933336b61975ce9dc04decbc0a7f2fee78c30353c5efba7f2d6ff27a/markupsafe-3.0.3-cp311-cp311-macosx_11_0_arm64.whl", hash = "sha256:4bd4cd07944443f5a265608cc6aab442e4f74dff8088b0dfc8238647b8f6ae9a", size = 12058, upload-time = "2025-09-27T18:36:19.444Z" },
    { url = "https://files.pythonhosted.org/packages/1d/09/adf2df3699d87d1d8184038df46a9c80d78c0148492323f4693df54e17bb/markupsafe-3.0.3-cp311-cp311-manylinux2014_aarch64.manylinux_2_17_aarch64.manylinux_2_28_aarch64.whl", hash = "sha256:6b5420a1d9450023228968e7e6a9ce57f65d148ab56d2313fcd589eee96a7a50", size = 24287, upload-time = "2025-09-27T18:36:20.768Z" },
    { url = "https://files.pythonhosted.org/packages/30/ac/0273f6fcb5f42e314c6d8cd99effae6a5354604d461b8d392b5ec9530a54/markupsafe-3.0.3-cp311-cp311-manylinux2014_x86_64.manylinux_2_17_x86_64.manylinux_2_28_x86_64.whl", hash = "sha256:0bf2a864d67e76e5c9a34dc26ec616a66b9888e25e7b9460e1c76d3293bd9dbf", size = 22940, upload-time = "2025-09-27T18:36:22.249Z" },
    { url = "https://files.pythonhosted.org/packages/19/ae/31c1be199ef767124c042c6c3e904da327a2f7f0cd63a0337e1eca2967a8/markupsafe-3.0.3-cp311-cp311-manylinux_2_31_riscv64.manylinux_2_39_riscv64.whl", hash = "sha256:bc51efed119bc9cfdf792cdeaa4d67e8f6fcccab66ed4bfdd6bde3e59bfcbb2f", size = 21887, upload-time = "2025-09-27T18:36:23.535Z" },
    { url = "https://files.pythonhosted.org/packages/b2/76/7edcab99d5349a4532a459e1fe64f0b0467a3365056ae550d3bcf3f79e1e/markupsafe-3.0.3-cp311-cp311-musllinux_1_2_aarch64.whl", hash = "sha256:068f375c472b3e7acbe2d5318dea141359e6900156b5b2ba06a30b169086b91a", size = 23692, upload-time = "2025-09-27T18:36:24.823Z" },
    { url = "https://files.pythonhosted.org/packages/a4/28/6e74cdd26d7514849143d69f0bf2399f929c37dc2b31e6829fd2045b2765/markupsafe-3.0.3-cp311-cp311-musllinux_1_2_riscv64.whl", hash = "sha256:7be7b61bb172e1ed687f1754f8e7484f1c8019780f6f6b0786e76bb01c2ae115", size = 21471, upload-time = "2025-09-27T18:36:25.95Z" },
    { url = "https://files.pythonhosted.org/packages/62/7e/a145f36a5c2945673e590850a6f8014318d5577ed7e5920a4b3448e0865d/markupsafe-3.0.3-cp311-cp311-musllinux_1_2_x86_64.whl", hash = "sha256:f9e130248f4462aaa8e2552d547f36ddadbeaa573879158d721bbd33dfe4743a", size = 22923, upload-time = "2025-09-27T18:36:27.109Z" },
    { url = "https://files.pythonhosted.org/packages/0f/62/d9c46a7f5c9adbeeeda52f5b8d802e1094e9717705a645efc71b0913a0a8/markupsafe-3.0.3-cp311-cp311-win32.whl", hash = "sha256:0db14f5dafddbb6d9208827849fad01f1a2609380add406671a26386cdf15a19", size = 14572, upload-time = "2025-09-27T18:36:28.045Z" },
    { url = "https://files.pythonhosted.org/packages/83/8a/4414c03d3f891739326e1783338e48fb49781cc915b2e0ee052aa490d586/markupsafe-3.0.3-cp311-cp311-win_amd64.whl", hash = "sha256:de8a88e63464af587c950061a5e6a67d3632e36df62b986892331d4620a35c01", size = 15077, upload-time = "2025-09-27T18:36:29.025Z" },
    { url = "https://files.pythonhosted.org/packages/35/73/893072b42e6862f319b5207adc9ae06070f095b358655f077f69a35601f0/markupsafe-3.0.3-cp311-cp311-win_arm64.whl", hash = "sha256:3b562dd9e9ea93f13d53989d23a7e775fdfd1066c33494ff43f5418bc8c58a5c", size = 13876, upload-time = "2025-09-27T18:36:29.954Z" },
    { url = "https://files.pythonhosted.org/packages/5a/72/147da192e38635ada20e0a2e1a51cf8823d2119ce8883f7053879c2199b5/markupsafe-3.0.3-cp312-cp312-macosx_10_13_x86_64.whl", hash = "sha256:d53197da72cc091b024dd97249dfc7794d6a56530370992a5e1a08983ad9230e", size = 11615, upload-time = "2025-09-27T18:36:30.854Z" },
    { url = "https://files.pythonhosted.org/packages/9a/81/7e4e08678a1f98521201c3079f77db69fb552acd56067661f8c2f534a718/markupsafe-3.0.3-cp312-cp312-macosx_11_0_arm64.whl", hash = "sha256:1872df69a4de6aead3491198eaf13810b565bdbeec3ae2dc8780f14458ec73ce", size = 12020, upload-time = "2025-09-27T18:36:31.971Z" },
    { url = "https://files.pythonhosted.org/packages/1e/2c/799f4742efc39633a1b54a92eec4082e4f815314869865d876824c257c1e/markupsafe-3.0.3-cp312-cp312-manylinux2014_aarch64.manylinux_2_17_aarch64.manylinux_2_28_aarch64.whl", hash = "sha256:3a7e8ae81ae39e62a41ec302f972ba6ae23a5c5396c8e60113e9066ef893da0d", size = 24332, upload-time = "2025-09-27T18:36:32.813Z" },
    { url = "https://files.pythonhosted.org/packages/3c/2e/8d0c2ab90a8c1d9a24f0399058ab8519a3279d1bd4289511d74e909f060e/markupsafe-3.0.3-cp312-cp312-manylinux2014_x86_64.manylinux_2_17_x86_64.manylinux_2_28_x86_64.whl", hash = "sha256:d6dd0be5b5b189d31db7cda48b91d7e0a9795f31430b7f271219ab30f1d3ac9d", size = 22947, upload-time = "2025-09-27T18:36:33.86Z" },
    { url = "https://files.pythonhosted.org/packages/2c/54/887f3092a85238093a0b2154bd629c89444f395618842e8b0c41783898ea/markupsafe-3.0.3-cp312-cp312-manylinux_2_31_riscv64.manylinux_2_39_riscv64.whl", hash = "sha256:94c6f0bb423f739146aec64595853541634bde58b2135f27f61c1ffd1cd4d16a", size = 21962, upload-time = "2025-09-27T18:36:35.099Z" },
    { url = "https://files.pythonhosted.org/packages/c9/2f/336b8c7b6f4a4d95e91119dc8521402461b74a485558d8f238a68312f11c/markupsafe-3.0.3-cp312-cp312-musllinux_1_2_aarch64.whl", hash = "sha256:be8813b57049a7dc738189df53d69395eba14fb99345e0a5994914a3864c8a4b", size = 23760, upload-time = "2025-09-27T18:36:36.001Z" },
    { url = "https://files.pythonhosted.org/packages/32/43/67935f2b7e4982ffb50a4d169b724d74b62a3964bc1a9a527f5ac4f1ee2b/markupsafe-3.0.3-cp312-cp312-musllinux_1_2_riscv64.whl", hash = "sha256:83891d0e9fb81a825d9a6d61e3f07550ca70a076484292a70fde82c4b807286f", size = 21529, upload-time = "2025-09-27T18:36:36.906Z" },
    { url = "https://files.pythonhosted.org/packages/89/e0/4486f11e51bbba8b0c041098859e869e304d1c261e59244baa3d295d47b7/markupsafe-3.0.3-cp312-cp312-musllinux_1_2_x86_64.whl", hash = "sha256:77f0643abe7495da77fb436f50f8dab76dbc6e5fd25d39589a0f1fe6548bfa2b", size = 23015, upload-time = "2025-09-27T18:36:37.868Z" },
    { url = "https://files.pythonhosted.org/packages/2f/e1/78ee7a023dac597a5825441ebd17170785a9dab23de95d2c7508ade94e0e/markupsafe-3.0.3-cp312-cp312-win32.whl", hash = "sha256:d88b440e37a16e651bda4c7c2b930eb586fd15ca7406cb39e211fcff3bf3017d", size = 14540, upload-time = "2025-09-27T18:36:38.761Z" },
    { url = "https://files.pythonhosted.org/packages/aa/5b/bec5aa9bbbb2c946ca2733ef9c4ca91c91b6a24580193e891b5f7dbe8e1e/markupsafe-3.0.3-cp312-cp312-win_amd64.whl", hash = "sha256:26a5784ded40c9e318cfc2bdb30fe164bdb8665ded9cd64d500a34fb42067b1c", size = 15105, upload-time = "2025-09-27T18:36:39.701Z" },
    { url = "https://files.pythonhosted.org/packages/e5/f1/216fc1bbfd74011693a4fd837e7026152e89c4bcf3e77b6692fba9923123/markupsafe-3.0.3-cp312-cp312-win_arm64.whl", hash = "sha256:35add3b638a5d900e807944a078b51922212fb3dedb01633a8defc4b01a3c85f", size = 13906, upload-time = "2025-09-27T18:36:40.689Z" },
    { url = "https://files.pythonhosted.org/packages/38/2f/907b9c7bbba283e68f20259574b13d005c121a0fa4c175f9bed27c4597ff/markupsafe-3.0.3-cp313-cp313-macosx_10_13_x86_64.whl", hash = "sha256:e1cf1972137e83c5d4c136c43ced9ac51d0e124706ee1c8aa8532c1287fa8795", size = 11622, upload-time = "2025-09-27T18:36:41.777Z" },
    { url = "https://files.pythonhosted.org/packages/9c/d9/5f7756922cdd676869eca1c4e3c0cd0df60ed30199ffd775e319089cb3ed/markupsafe-3.0.3-cp313-cp313-macosx_11_0_arm64.whl", hash = "sha256:116bb52f642a37c115f517494ea5feb03889e04df47eeff5b130b1808ce7c219", size = 12029, upload-time = "2025-09-27T18:36:43.257Z" },
    { url = "https://files.pythonhosted.org/packages/00/07/575a68c754943058c78f30db02ee03a64b3c638586fba6a6dd56830b30a3/markupsafe-3.0.3-cp313-cp313-manylinux2014_aarch64.manylinux_2_17_aarch64.manylinux_2_28_aarch64.whl", hash = "sha256:133a43e73a802c5562be9bbcd03d090aa5a1fe899db609c29e8c8d815c5f6de6", size = 24374, upload-time = "2025-09-27T18:36:44.508Z" },
    { url = "https://files.pythonhosted.org/packages/a9/21/9b05698b46f218fc0e118e1f8168395c65c8a2c750ae2bab54fc4bd4e0e8/markupsafe-3.0.3-cp313-cp313-manylinux2014_x86_64.manylinux_2_17_x86_64.manylinux_2_28_x86_64.whl", hash = "sha256:ccfcd093f13f0f0b7fdd0f198b90053bf7b2f02a3927a30e63f3ccc9df56b676", size = 22980, upload-time = "2025-09-27T18:36:45.385Z" },
    { url = "https://files.pythonhosted.org/packages/7f/71/544260864f893f18b6827315b988c146b559391e6e7e8f7252839b1b846a/markupsafe-3.0.3-cp313-cp313-manylinux_2_31_riscv64.manylinux_2_39_riscv64.whl", hash = "sha256:509fa21c6deb7a7a273d629cf5ec029bc209d1a51178615ddf718f5918992ab9", size = 21990, upload-time = "2025-09-27T18:36:46.916Z" },
    { url = "https://files.pythonhosted.org/packages/c2/28/b50fc2f74d1ad761af2f5dcce7492648b983d00a65b8c0e0cb457c82ebbe/markupsafe-3.0.3-cp313-cp313-musllinux_1_2_aarch64.whl", hash = "sha256:a4afe79fb3de0b7097d81da19090f4df4f8d3a2b3adaa8764138aac2e44f3af1", size = 23784, upload-time = "2025-09-27T18:36:47.884Z" },
    { url = "https://files.pythonhosted.org/packages/ed/76/104b2aa106a208da8b17a2fb72e033a5a9d7073c68f7e508b94916ed47a9/markupsafe-3.0.3-cp313-cp313-musllinux_1_2_riscv64.whl", hash = "sha256:795e7751525cae078558e679d646ae45574b47ed6e7771863fcc079a6171a0fc", size = 21588, upload-time = "2025-09-27T18:36:48.82Z" },
    { url = "https://files.pythonhosted.org/packages/b5/99/16a5eb2d140087ebd97180d95249b00a03aa87e29cc224056274f2e45fd6/markupsafe-3.0.3-cp313-cp313-musllinux_1_2_x86_64.whl", hash = "sha256:8485f406a96febb5140bfeca44a73e3ce5116b2501ac54fe953e488fb1d03b12", size = 23041, upload-time = "2025-09-27T18:36:49.797Z" },
    { url = "https://files.pythonhosted.org/packages/19/bc/e7140ed90c5d61d77cea142eed9f9c303f4c4806f60a1044c13e3f1471d0/markupsafe-3.0.3-cp313-cp313-win32.whl", hash = "sha256:bdd37121970bfd8be76c5fb069c7751683bdf373db1ed6c010162b2a130248ed", size = 14543, upload-time = "2025-09-27T18:36:51.584Z" },
    { url = "https://files.pythonhosted.org/packages/05/73/c4abe620b841b6b791f2edc248f556900667a5a1cf023a6646967ae98335/markupsafe-3.0.3-cp313-cp313-win_amd64.whl", hash = "sha256:9a1abfdc021a164803f4d485104931fb8f8c1efd55bc6b748d2f5774e78b62c5", size = 15113, upload-time = "2025-09-27T18:36:52.537Z" },
    { url = "https://files.pythonhosted.org/packages/f0/3a/fa34a0f7cfef23cf9500d68cb7c32dd64ffd58a12b09225fb03dd37d5b80/markupsafe-3.0.3-cp313-cp313-win_arm64.whl", hash = "sha256:7e68f88e5b8799aa49c85cd116c932a1ac15caaa3f5db09087854d218359e485", size = 13911, upload-time = "2025-09-27T18:36:53.513Z" },
    { url = "https://files.pythonhosted.org/packages/e4/d7/e05cd7efe43a88a17a37b3ae96e79a19e846f3f456fe79c57ca61356ef01/markupsafe-3.0.3-cp313-cp313t-macosx_10_13_x86_64.whl", hash = "sha256:218551f6df4868a8d527e3062d0fb968682fe92054e89978594c28e642c43a73", size = 11658, upload-time = "2025-09-27T18:36:54.819Z" },
    { url = "https://files.pythonhosted.org/packages/99/9e/e412117548182ce2148bdeacdda3bb494260c0b0184360fe0d56389b523b/markupsafe-3.0.3-cp313-cp313t-macosx_11_0_arm64.whl", hash = "sha256:3524b778fe5cfb3452a09d31e7b5adefeea8c5be1d43c4f810ba09f2ceb29d37", size = 12066, upload-time = "2025-09-27T18:36:55.714Z" },
    { url = "https://files.pythonhosted.org/packages/bc/e6/fa0ffcda717ef64a5108eaa7b4f5ed28d56122c9a6d70ab8b72f9f715c80/markupsafe-3.0.3-cp313-cp313t-manylinux2014_aarch64.manylinux_2_17_aarch64.manylinux_2_28_aarch64.whl", hash = "sha256:4e885a3d1efa2eadc93c894a21770e4bc67899e3543680313b09f139e149ab19", size = 25639, upload-time = "2025-09-27T18:36:56.908Z" },
    { url = "https://files.pythonhosted.org/packages/96/ec/2102e881fe9d25fc16cb4b25d5f5cde50970967ffa5dddafdb771237062d/markupsafe-3.0.3-cp313-cp313t-manylinux2014_x86_64.manylinux_2_17_x86_64.manylinux_2_28_x86_64.whl", hash = "sha256:8709b08f4a89aa7586de0aadc8da56180242ee0ada3999749b183aa23df95025", size = 23569, upload-time = "2025-09-27T18:36:57.913Z" },
    { url = "https://files.pythonhosted.org/packages/4b/30/6f2fce1f1f205fc9323255b216ca8a235b15860c34b6798f810f05828e32/markupsafe-3.0.3-cp313-cp313t-manylinux_2_31_riscv64.manylinux_2_39_riscv64.whl", hash = "sha256:b8512a91625c9b3da6f127803b166b629725e68af71f8184ae7e7d54686a56d6", size = 23284, upload-time = "2025-09-27T18:36:58.833Z" },
    { url = "https://files.pythonhosted.org/packages/58/47/4a0ccea4ab9f5dcb6f79c0236d954acb382202721e704223a8aafa38b5c8/markupsafe-3.0.3-cp313-cp313t-musllinux_1_2_aarch64.whl", hash = "sha256:9b79b7a16f7fedff2495d684f2b59b0457c3b493778c9eed31111be64d58279f", size = 24801, upload-time = "2025-09-27T18:36:59.739Z" },
    { url = "https://files.pythonhosted.org/packages/6a/70/3780e9b72180b6fecb83a4814d84c3bf4b4ae4bf0b19c27196104149734c/markupsafe-3.0.3-cp313-cp313t-musllinux_1_2_riscv64.whl", hash = "sha256:12c63dfb4a98206f045aa9563db46507995f7ef6d83b2f68eda65c307c6829eb", size = 22769, upload-time = "2025-09-27T18:37:00.719Z" },
    { url = "https://files.pythonhosted.org/packages/98/c5/c03c7f4125180fc215220c035beac6b9cb684bc7a067c84fc69414d315f5/markupsafe-3.0.3-cp313-cp313t-musllinux_1_2_x86_64.whl", hash = "sha256:8f71bc33915be5186016f675cd83a1e08523649b0e33efdb898db577ef5bb009", size = 23642, upload-time = "2025-09-27T18:37:01.673Z" },
    { url = "https://files.pythonhosted.org/packages/80/d6/2d1b89f6ca4bff1036499b1e29a1d02d282259f3681540e16563f27ebc23/markupsafe-3.0.3-cp313-cp313t-win32.whl", hash = "sha256:69c0b73548bc525c8cb9a251cddf1931d1db4d2258e9599c28c07ef3580ef354", size = 14612, upload-time = "2025-09-27T18:37:02.639Z" },
    { url = "https://files.pythonhosted.org/packages/2b/98/e48a4bfba0a0ffcf9925fe2d69240bfaa19c6f7507b8cd09c70684a53c1e/markupsafe-3.0.3-cp313-cp313t-win_amd64.whl", hash = "sha256:1b4b79e8ebf6b55351f0d91fe80f893b4743f104bff22e90697db1590e47a218", size = 15200, upload-time = "2025-09-27T18:37:03.582Z" },
    { url = "https://files.pythonhosted.org/packages/0e/72/e3cc540f351f316e9ed0f092757459afbc595824ca724cbc5a5d4263713f/markupsafe-3.0.3-cp313-cp313t-win_arm64.whl", hash = "sha256:ad2cf8aa28b8c020ab2fc8287b0f823d0a7d8630784c31e9ee5edea20f406287", size = 13973, upload-time = "2025-09-27T18:37:04.929Z" },
    { url = "https://files.pythonhosted.org/packages/33/8a/8e42d4838cd89b7dde187011e97fe6c3af66d8c044997d2183fbd6d31352/markupsafe-3.0.3-cp314-cp314-macosx_10_13_x86_64.whl", hash = "sha256:eaa9599de571d72e2daf60164784109f19978b327a3910d3e9de8c97b5b70cfe", size = 11619, upload-time = "2025-09-27T18:37:06.342Z" },
    { url = "https://files.pythonhosted.org/packages/b5/64/7660f8a4a8e53c924d0fa05dc3a55c9cee10bbd82b11c5afb27d44b096ce/markupsafe-3.0.3-cp314-cp314-macosx_11_0_arm64.whl", hash = "sha256:c47a551199eb8eb2121d4f0f15ae0f923d31350ab9280078d1e5f12b249e0026", size = 12029, upload-time = "2025-09-27T18:37:07.213Z" },
    { url = "https://files.pythonhosted.org/packages/da/ef/e648bfd021127bef5fa12e1720ffed0c6cbb8310c8d9bea7266337ff06de/markupsafe-3.0.3-cp314-cp314-manylinux2014_aarch64.manylinux_2_17_aarch64.manylinux_2_28_aarch64.whl", hash = "sha256:f34c41761022dd093b4b6896d4810782ffbabe30f2d443ff5f083e0cbbb8c737", size = 24408, upload-time = "2025-09-27T18:37:09.572Z" },
    { url = "https://files.pythonhosted.org/packages/41/3c/a36c2450754618e62008bf7435ccb0f88053e07592e6028a34776213d877/markupsafe-3.0.3-cp314-cp314-manylinux2014_x86_64.manylinux_2_17_x86_64.manylinux_2_28_x86_64.whl", hash = "sha256:457a69a9577064c05a97c41f4e65148652db078a3a509039e64d3467b9e7ef97", size = 23005, upload-time = "2025-09-27T18:37:10.58Z" },
    { url = "https://files.pythonhosted.org/packages/bc/20/b7fdf89a8456b099837cd1dc21974632a02a999ec9bf7ca3e490aacd98e7/markupsafe-3.0.3-cp314-cp314-manylinux_2_31_riscv64.manylinux_2_39_riscv64.whl", hash = "sha256:e8afc3f2ccfa24215f8cb28dcf43f0113ac3c37c2f0f0806d8c70e4228c5cf4d", size = 22048, upload-time = "2025-09-27T18:37:11.547Z" },
    { url = "https://files.pythonhosted.org/packages/9a/a7/591f592afdc734f47db08a75793a55d7fbcc6902a723ae4cfbab61010cc5/markupsafe-3.0.3-cp314-cp314-musllinux_1_2_aarch64.whl", hash = "sha256:ec15a59cf5af7be74194f7ab02d0f59a62bdcf1a537677ce67a2537c9b87fcda", size = 23821, upload-time = "2025-09-27T18:37:12.48Z" },
    { url = "https://files.pythonhosted.org/packages/7d/33/45b24e4f44195b26521bc6f1a82197118f74df348556594bd2262bda1038/markupsafe-3.0.3-cp314-cp314-musllinux_1_2_riscv64.whl", hash = "sha256:0eb9ff8191e8498cca014656ae6b8d61f39da5f95b488805da4bb029cccbfbaf", size = 21606, upload-time = "2025-09-27T18:37:13.485Z" },
    { url = "https://files.pythonhosted.org/packages/ff/0e/53dfaca23a69fbfbbf17a4b64072090e70717344c52eaaaa9c5ddff1e5f0/markupsafe-3.0.3-cp314-cp314-musllinux_1_2_x86_64.whl", hash = "sha256:2713baf880df847f2bece4230d4d094280f4e67b1e813eec43b4c0e144a34ffe", size = 23043, upload-time = "2025-09-27T18:37:14.408Z" },
    { url = "https://files.pythonhosted.org/packages/46/11/f333a06fc16236d5238bfe74daccbca41459dcd8d1fa952e8fbd5dccfb70/markupsafe-3.0.3-cp314-cp314-win32.whl", hash = "sha256:729586769a26dbceff69f7a7dbbf59ab6572b99d94576a5592625d5b411576b9", size = 14747, upload-time = "2025-09-27T18:37:15.36Z" },
    { url = "https://files.pythonhosted.org/packages/28/52/182836104b33b444e400b14f797212f720cbc9ed6ba34c800639d154e821/markupsafe-3.0.3-cp314-cp314-win_amd64.whl", hash = "sha256:bdc919ead48f234740ad807933cdf545180bfbe9342c2bb451556db2ed958581", size = 15341, upload-time = "2025-09-27T18:37:16.496Z" },
    { url = "https://files.pythonhosted.org/packages/6f/18/acf23e91bd94fd7b3031558b1f013adfa21a8e407a3fdb32745538730382/markupsafe-3.0.3-cp314-cp314-win_arm64.whl", hash = "sha256:5a7d5dc5140555cf21a6fefbdbf8723f06fcd2f63ef108f2854de715e4422cb4", size = 14073, upload-time = "2025-09-27T18:37:17.476Z" },
    { url = "https://files.pythonhosted.org/packages/3c/f0/57689aa4076e1b43b15fdfa646b04653969d50cf30c32a102762be2485da/markupsafe-3.0.3-cp314-cp314t-macosx_10_13_x86_64.whl", hash = "sha256:1353ef0c1b138e1907ae78e2f6c63ff67501122006b0f9abad68fda5f4ffc6ab", size = 11661, upload-time = "2025-09-27T18:37:18.453Z" },
    { url = "https://files.pythonhosted.org/packages/89/c3/2e67a7ca217c6912985ec766c6393b636fb0c2344443ff9d91404dc4c79f/markupsafe-3.0.3-cp314-cp314t-macosx_11_0_arm64.whl", hash = "sha256:1085e7fbddd3be5f89cc898938f42c0b3c711fdcb37d75221de2666af647c175", size = 12069, upload-time = "2025-09-27T18:37:19.332Z" },
    { url = "https://files.pythonhosted.org/packages/f0/00/be561dce4e6ca66b15276e184ce4b8aec61fe83662cce2f7d72bd3249d28/markupsafe-3.0.3-cp314-cp314t-manylinux2014_aarch64.manylinux_2_17_aarch64.manylinux_2_28_aarch64.whl", hash = "sha256:1b52b4fb9df4eb9ae465f8d0c228a00624de2334f216f178a995ccdcf82c4634", size = 25670, upload-time = "2025-09-27T18:37:20.245Z" },
    { url = "https://files.pythonhosted.org/packages/50/09/c419f6f5a92e5fadde27efd190eca90f05e1261b10dbd8cbcb39cd8ea1dc/markupsafe-3.0.3-cp314-cp314t-manylinux2014_x86_64.manylinux_2_17_x86_64.manylinux_2_28_x86_64.whl", hash = "sha256:fed51ac40f757d41b7c48425901843666a6677e3e8eb0abcff09e4ba6e664f50", size = 23598, upload-time = "2025-09-27T18:37:21.177Z" },
    { url = "https://files.pythonhosted.org/packages/22/44/a0681611106e0b2921b3033fc19bc53323e0b50bc70cffdd19f7d679bb66/markupsafe-3.0.3-cp314-cp314t-manylinux_2_31_riscv64.manylinux_2_39_riscv64.whl", hash = "sha256:f190daf01f13c72eac4efd5c430a8de82489d9cff23c364c3ea822545032993e", size = 23261, upload-time = "2025-09-27T18:37:22.167Z" },
    { url = "https://files.pythonhosted.org/packages/5f/57/1b0b3f100259dc9fffe780cfb60d4be71375510e435efec3d116b6436d43/markupsafe-3.0.3-cp314-cp314t-musllinux_1_2_aarch64.whl", hash = "sha256:e56b7d45a839a697b5eb268c82a71bd8c7f6c94d6fd50c3d577fa39a9f1409f5", size = 24835, upload-time = "2025-09-27T18:37:23.296Z" },
    { url = "https://files.pythonhosted.org/packages/26/6a/4bf6d0c97c4920f1597cc14dd720705eca0bf7c787aebc6bb4d1bead5388/markupsafe-3.0.3-cp314-cp314t-musllinux_1_2_riscv64.whl", hash = "sha256:f3e98bb3798ead92273dc0e5fd0f31ade220f59a266ffd8a4f6065e0a3ce0523", size = 22733, upload-time = "2025-09-27T18:37:24.237Z" },
    { url = "https://files.pythonhosted.org/packages/14/c7/ca723101509b518797fedc2fdf79ba57f886b4aca8a7d31857ba3ee8281f/markupsafe-3.0.3-cp314-cp314t-musllinux_1_2_x86_64.whl", hash = "sha256:5678211cb9333a6468fb8d8be0305520aa073f50d17f089b5b4b477ea6e67fdc", size = 23672, upload-time = "2025-09-27T18:37:25.271Z" },
    { url = "https://files.pythonhosted.org/packages/fb/df/5bd7a48c256faecd1d36edc13133e51397e41b73bb77e1a69deab746ebac/markupsafe-3.0.3-cp314-cp314t-win32.whl", hash = "sha256:915c04ba3851909ce68ccc2b8e2cd691618c4dc4c4232fb7982bca3f41fd8c3d", size = 14819, upload-time = "2025-09-27T18:37:26.285Z" },
    { url = "https://files.pythonhosted.org/packages/1a/8a/0402ba61a2f16038b48b39bccca271134be00c5c9f0f623208399333c448/markupsafe-3.0.3-cp314-cp314t-win_amd64.whl", hash = "sha256:4faffd047e07c38848ce017e8725090413cd80cbc23d86e55c587bf979e579c9", size = 15426, upload-time = "2025-09-27T18:37:27.316Z" },
    { url = "https://files.pythonhosted.org/packages/70/bc/6f1c2f612465f5fa89b95bead1f44dcb607670fd42891d8fdcd5d039f4f4/markupsafe-3.0.3-cp314-cp314t-win_arm64.whl", hash = "sha256:32001d6a8fc98c8cb5c947787c5d08b0a50663d139f1305bac5885d98d9b40fa", size = 14146, upload-time = "2025-09-27T18:37:28.327Z" },
]

[[package]]
name = "mccabe"
version = "0.7.0"
source = { registry = "https://pypi.org/simple" }
sdist = { url = "https://files.pythonhosted.org/packages/e7/ff/0ffefdcac38932a54d2b5eed4e0ba8a408f215002cd178ad1df0f2806ff8/mccabe-0.7.0.tar.gz", hash = "sha256:348e0240c33b60bbdf4e523192ef919f28cb2c3d7d5c7794f74009290f236325", size = 9658, upload-time = "2022-01-24T01:14:51.113Z" }
wheels = [
    { url = "https://files.pythonhosted.org/packages/27/1a/1f68f9ba0c207934b35b86a8ca3aad8395a3d6dd7921c0686e23853ff5a9/mccabe-0.7.0-py2.py3-none-any.whl", hash = "sha256:6c2d30ab6be0e4a46919781807b4f0d834ebdd6c6e3dca0bda5a15f863427b6e", size = 7350, upload-time = "2022-01-24T01:14:49.62Z" },
]

[[package]]
name = "mongoengine"
version = "0.29.1"
source = { registry = "https://pypi.org/simple" }
dependencies = [
    { name = "pymongo" },
]
sdist = { url = "https://files.pythonhosted.org/packages/32/0b/f0bd3da47c77b2d48103b42b9a38a70de9c41c979dd681a9a6aff43bf2eb/mongoengine-0.29.1.tar.gz", hash = "sha256:3b43abaf2d5f0b7d39efc2b7d9e78f4d4a5dc7ce92b9889ba81a5a9b8dee3cf3", size = 168735, upload-time = "2024-09-19T08:41:22.487Z" }
wheels = [
    { url = "https://files.pythonhosted.org/packages/97/52/a0788a31f8ec2cfb508e1fb29c321d5082f0aa58bc88ba118c898e72f612/mongoengine-0.29.1-py3-none-any.whl", hash = "sha256:9302ec407dd60f47f62cc07684d9f6cac87f1e93283c54203851788104d33df4", size = 112377, upload-time = "2024-09-19T08:41:20.626Z" },
]

[[package]]
name = "pycodestyle"
version = "2.14.0"
source = { registry = "https://pypi.org/simple" }
sdist = { url = "https://files.pythonhosted.org/packages/11/e0/abfd2a0d2efe47670df87f3e3a0e2edda42f055053c85361f19c0e2c1ca8/pycodestyle-2.14.0.tar.gz", hash = "sha256:c4b5b517d278089ff9d0abdec919cd97262a3367449ea1c8b49b91529167b783", size = 39472, upload-time = "2025-06-20T18:49:48.75Z" }
wheels = [
    { url = "https://files.pythonhosted.org/packages/d7/27/a58ddaf8c588a3ef080db9d0b7e0b97215cee3a45df74f3a94dbbf5c893a/pycodestyle-2.14.0-py2.py3-none-any.whl", hash = "sha256:dd6bf7cb4ee77f8e016f9c8e74a35ddd9f67e1d5fd4184d86c3b98e07099f42d", size = 31594, upload-time = "2025-06-20T18:49:47.491Z" },
]

[[package]]
name = "pyflakes"
version = "3.4.0"
source = { registry = "https://pypi.org/simple" }
sdist = { url = "https://files.pythonhosted.org/packages/45/dc/fd034dc20b4b264b3d015808458391acbf9df40b1e54750ef175d39180b1/pyflakes-3.4.0.tar.gz", hash = "sha256:b24f96fafb7d2ab0ec5075b7350b3d2d2218eab42003821c06344973d3ea2f58", size = 64669, upload-time = "2025-06-20T18:45:27.834Z" }
wheels = [
    { url = "https://files.pythonhosted.org/packages/c2/2f/81d580a0fb83baeb066698975cb14a618bdbed7720678566f1b046a95fe8/pyflakes-3.4.0-py2.py3-none-any.whl", hash = "sha256:f742a7dbd0d9cb9ea41e9a24a918996e8170c799fa528688d40dd582c8265f4f", size = 63551, upload-time = "2025-06-20T18:45:26.937Z" },
]

[[package]]
name = "pymongo"
version = "4.16.0"
source = { registry = "https://pypi.org/simple" }
dependencies = [
    { name = "dnspython" },
]
sdist = { url = "https://files.pythonhosted.org/packages/65/9c/a4895c4b785fc9865a84a56e14b5bd21ca75aadc3dab79c14187cdca189b/pymongo-4.16.0.tar.gz", hash = "sha256:8ba8405065f6e258a6f872fe62d797a28f383a12178c7153c01ed04e845c600c", size = 2495323, upload-time = "2026-01-07T18:05:48.107Z" }
wheels = [
    { url = "https://files.pythonhosted.org/packages/e6/3a/907414a763c4270b581ad6d960d0c6221b74a70eda216a1fdd8fa82ba89f/pymongo-4.16.0-cp311-cp311-macosx_10_9_x86_64.whl", hash = "sha256:6f2077ec24e2f1248f9cac7b9a2dfb894e50cc7939fcebfb1759f99304caabef", size = 862561, upload-time = "2026-01-07T18:04:00.628Z" },
    { url = "https://files.pythonhosted.org/packages/8c/58/787d8225dd65cb2383c447346ea5e200ecfde89962d531111521e3b53018/pymongo-4.16.0-cp311-cp311-macosx_11_0_arm64.whl", hash = "sha256:4d4f7ba040f72a9f43a44059872af5a8c8c660aa5d7f90d5344f2ed1c3c02721", size = 862923, upload-time = "2026-01-07T18:04:02.213Z" },
    { url = "https://files.pythonhosted.org/packages/5d/a7/cc2865aae32bc77ade7b35f957a58df52680d7f8506f93c6edbf458e5738/pymongo-4.16.0-cp311-cp311-manylinux1_i686.manylinux_2_28_i686.manylinux_2_5_i686.whl", hash = "sha256:8a0f73af1ea56c422b2dcfc0437459148a799ef4231c6aee189d2d4c59d6728f", size = 1426779, upload-time = "2026-01-07T18:04:03.942Z" },
    { url = "https://files.pythonhosted.org/packages/81/25/3e96eb7998eec05382174da2fefc58d28613f46bbdf821045539d0ed60ab/pymongo-4.16.0-cp311-cp311-manylinux2014_aarch64.manylinux_2_17_aarch64.manylinux_2_28_aarch64.whl", hash = "sha256:aa30cd16ddd2f216d07ba01d9635c873e97ddb041c61cf0847254edc37d1c60e", size = 1454207, upload-time = "2026-01-07T18:04:05.387Z" },
    { url = "https://files.pythonhosted.org/packages/86/7b/8e817a7df8c5d565d39dd4ca417a5e0ef46cc5cc19aea9405f403fec6449/pymongo-4.16.0-cp311-cp311-manylinux2014_ppc64le.manylinux_2_17_ppc64le.manylinux_2_28_ppc64le.whl", hash = "sha256:1d638b0b1b294d95d0fdc73688a3b61e05cc4188872818cd240d51460ccabcb5", size = 1511654, upload-time = "2026-01-07T18:04:08.458Z" },
    { url = "https://files.pythonhosted.org/packages/39/7a/50c4d075ccefcd281cdcfccc5494caa5665b096b85e65a5d6afabb80e09e/pymongo-4.16.0-cp311-cp311-manylinux2014_s390x.manylinux_2_17_s390x.manylinux_2_28_s390x.whl", hash = "sha256:21d02cc10a158daa20cb040985e280e7e439832fc6b7857bff3d53ef6914ad50", size = 1496794, upload-time = "2026-01-07T18:04:10.355Z" },
    { url = "https://files.pythonhosted.org/packages/0f/cd/ebdc1aaca5deeaf47310c369ef4083e8550e04e7bf7e3752cfb7d95fcdb8/pymongo-4.16.0-cp311-cp311-manylinux2014_x86_64.manylinux_2_17_x86_64.manylinux_2_28_x86_64.whl", hash = "sha256:4fbb8d3552c2ad99d9e236003c0b5f96d5f05e29386ba7abae73949bfebc13dd", size = 1448371, upload-time = "2026-01-07T18:04:11.76Z" },
    { url = "https://files.pythonhosted.org/packages/3d/c9/50fdd78c37f68ea49d590c027c96919fbccfd98f3a4cb39f84f79970bd37/pymongo-4.16.0-cp311-cp311-win32.whl", hash = "sha256:be1099a8295b1a722d03fb7b48be895d30f4301419a583dcf50e9045968a041c", size = 841024, upload-time = "2026-01-07T18:04:13.522Z" },
    { url = "https://files.pythonhosted.org/packages/4a/dd/a3aa1ade0cf9980744db703570afac70a62c85b432c391dea0577f6da7bb/pymongo-4.16.0-cp311-cp311-win_amd64.whl", hash = "sha256:61567f712bda04c7545a037e3284b4367cad8d29b3dec84b4bf3b2147020a75b", size = 855838, upload-time = "2026-01-07T18:04:14.923Z" },
    { url = "https://files.pythonhosted.org/packages/bf/10/9ad82593ccb895e8722e4884bad4c5ce5e8ff6683b740d7823a6c2bcfacf/pymongo-4.16.0-cp311-cp311-win_arm64.whl", hash = "sha256:c53338613043038005bf2e41a2fafa08d29cdbc0ce80891b5366c819456c1ae9", size = 845007, upload-time = "2026-01-07T18:04:17.099Z" },
    { url = "https://files.pythonhosted.org/packages/6a/03/6dd7c53cbde98de469a3e6fb893af896dca644c476beb0f0c6342bcc368b/pymongo-4.16.0-cp312-cp312-macosx_10_13_x86_64.whl", hash = "sha256:bd4911c40a43a821dfd93038ac824b756b6e703e26e951718522d29f6eb166a8", size = 917619, upload-time = "2026-01-07T18:04:19.173Z" },
    { url = "https://files.pythonhosted.org/packages/73/e1/328915f2734ea1f355dc9b0e98505ff670f5fab8be5e951d6ed70971c6aa/pymongo-4.16.0-cp312-cp312-macosx_11_0_arm64.whl", hash = "sha256:25a6b03a68f9907ea6ec8bc7cf4c58a1b51a18e23394f962a6402f8e46d41211", size = 917364, upload-time = "2026-01-07T18:04:20.861Z" },
    { url = "https://files.pythonhosted.org/packages/41/fe/4769874dd9812a1bc2880a9785e61eba5340da966af888dd430392790ae0/pymongo-4.16.0-cp312-cp312-manylinux1_i686.manylinux_2_28_i686.manylinux_2_5_i686.whl", hash = "sha256:91ac0cb0fe2bf17616c2039dac88d7c9a5088f5cb5829b27c9d250e053664d31", size = 1686901, upload-time = "2026-01-07T18:04:22.219Z" },
    { url = "https://files.pythonhosted.org/packages/fa/8d/15707b9669fdc517bbc552ac60da7124dafe7ac1552819b51e97ed4038b4/pymongo-4.16.0-cp312-cp312-manylinux2014_aarch64.manylinux_2_17_aarch64.manylinux_2_28_aarch64.whl", hash = "sha256:cf0ec79e8ca7077f455d14d915d629385153b6a11abc0b93283ed73a8013e376", size = 1723034, upload-time = "2026-01-07T18:04:24.055Z" },
    { url = "https://files.pythonhosted.org/packages/5b/af/3d5d16ff11d447d40c1472da1b366a31c7380d7ea2922a449c7f7f495567/pymongo-4.16.0-cp312-cp312-manylinux2014_ppc64le.manylinux_2_17_ppc64le.manylinux_2_28_ppc64le.whl", hash = "sha256:2d0082631a7510318befc2b4fdab140481eb4b9dd62d9245e042157085da2a70", size = 1797161, upload-time = "2026-01-07T18:04:25.964Z" },
    { url = "https://files.pythonhosted.org/packages/fb/04/725ab8664eeec73ec125b5a873448d80f5d8cf2750aaaf804cbc538a50a5/pymongo-4.16.0-cp312-cp312-manylinux2014_s390x.manylinux_2_17_s390x.manylinux_2_28_s390x.whl", hash = "sha256:85dc2f3444c346ea019a371e321ac868a4fab513b7a55fe368f0cc78de8177cc", size = 1780938, upload-time = "2026-01-07T18:04:28.745Z" },
    { url = "https://files.pythonhosted.org/packages/22/50/dd7e9095e1ca35f93c3c844c92eb6eb0bc491caeb2c9bff3b32fe3c9b18f/pymongo-4.16.0-cp312-cp312-manylinux2014_x86_64.manylinux_2_17_x86_64.manylinux_2_28_x86_64.whl", hash = "sha256:dabbf3c14de75a20cc3c30bf0c6527157224a93dfb605838eabb1a2ee3be008d", size = 1714342, upload-time = "2026-01-07T18:04:30.331Z" },
    { url = "https://files.pythonhosted.org/packages/03/c9/542776987d5c31ae8e93e92680ea2b6e5a2295f398b25756234cabf38a39/pymongo-4.16.0-cp312-cp312-win32.whl", hash = "sha256:60307bb91e0ab44e560fe3a211087748b2b5f3e31f403baf41f5b7b0a70bd104", size = 887868, upload-time = "2026-01-07T18:04:32.124Z" },
    { url = "https://files.pythonhosted.org/packages/2e/d4/b4045a7ccc5680fb496d01edf749c7a9367cc8762fbdf7516cf807ef679b/pymongo-4.16.0-cp312-cp312-win_amd64.whl", hash = "sha256:f513b2c6c0d5c491f478422f6b5b5c27ac1af06a54c93ef8631806f7231bd92e", size = 907554, upload-time = "2026-01-07T18:04:33.685Z" },
    { url = "https://files.pythonhosted.org/packages/60/4c/33f75713d50d5247f2258405142c0318ff32c6f8976171c4fcae87a9dbdf/pymongo-4.16.0-cp312-cp312-win_arm64.whl", hash = "sha256:dfc320f08ea9a7ec5b2403dc4e8150636f0d6150f4b9792faaae539c88e7db3b", size = 892971, upload-time = "2026-01-07T18:04:35.594Z" },
    { url = "https://files.pythonhosted.org/packages/47/84/148d8b5da8260f4679d6665196ae04ab14ffdf06f5fe670b0ab11942951f/pymongo-4.16.0-cp313-cp313-macosx_10_13_x86_64.whl", hash = "sha256:d15f060bc6d0964a8bb70aba8f0cb6d11ae99715438f640cff11bbcf172eb0e8", size = 972009, upload-time = "2026-01-07T18:04:38.303Z" },
    { url = "https://files.pythonhosted.org/packages/1e/5e/9f3a8daf583d0adaaa033a3e3e58194d2282737dc164014ff33c7a081103/pymongo-4.16.0-cp313-cp313-macosx_11_0_arm64.whl", hash = "sha256:4a19ea46a0fe71248965305a020bc076a163311aefbaa1d83e47d06fa30ac747", size = 971784, upload-time = "2026-01-07T18:04:39.669Z" },
    { url = "https://files.pythonhosted.org/packages/ad/f2/b6c24361fcde24946198573c0176406bfd5f7b8538335f3d939487055322/pymongo-4.16.0-cp313-cp313-manylinux1_i686.manylinux_2_28_i686.manylinux_2_5_i686.whl", hash = "sha256:311d4549d6bf1f8c61d025965aebb5ba29d1481dc6471693ab91610aaffbc0eb", size = 1947174, upload-time = "2026-01-07T18:04:41.368Z" },
    { url = "https://files.pythonhosted.org/packages/47/1a/8634192f98cf740b3d174e1018dd0350018607d5bd8ac35a666dc49c732b/pymongo-4.16.0-cp313-cp313-manylinux2014_aarch64.manylinux_2_17_aarch64.manylinux_2_28_aarch64.whl", hash = "sha256:46ffb728d92dd5b09fc034ed91acf5595657c7ca17d4cf3751322cd554153c17", size = 1991727, upload-time = "2026-01-07T18:04:42.965Z" },
    { url = "https://files.pythonhosted.org/packages/5a/2f/0c47ac84572b28e23028a23a3798a1f725e1c23b0cf1c1424678d16aff42/pymongo-4.16.0-cp313-cp313-manylinux2014_ppc64le.manylinux_2_17_ppc64le.manylinux_2_28_ppc64le.whl", hash = "sha256:acda193f440dd88c2023cb00aa8bd7b93a9df59978306d14d87a8b12fe426b05", size = 2082497, upload-time = "2026-01-07T18:04:44.652Z" },
    { url = "https://files.pythonhosted.org/packages/ba/57/9f46ef9c862b2f0cf5ce798f3541c201c574128d31ded407ba4b3918d7b6/pymongo-4.16.0-cp313-cp313-manylinux2014_s390x.manylinux_2_17_s390x.manylinux_2_28_s390x.whl", hash = "sha256:5d9fdb386cf958e6ef6ff537d6149be7edb76c3268cd6833e6c36aa447e4443f", size = 2064947, upload-time = "2026-01-07T18:04:46.228Z" },
    { url = "https://files.pythonhosted.org/packages/b8/56/5421c0998f38e32288100a07f6cb2f5f9f352522157c901910cb2927e211/pymongo-4.16.0-cp313-cp313-manylinux2014_x86_64.manylinux_2_17_x86_64.manylinux_2_28_x86_64.whl", hash = "sha256:91899dd7fb9a8c50f09c3c1cf0cb73bfbe2737f511f641f19b9650deb61c00ca", size = 1980478, upload-time = "2026-01-07T18:04:48.017Z" },
    { url = "https://files.pythonhosted.org/packages/92/93/bfc448d025e12313a937d6e1e0101b50cc9751636b4b170e600fe3203063/pymongo-4.16.0-cp313-cp313-win32.whl", hash = "sha256:2cd60cd1e05de7f01927f8e25ca26b3ea2c09de8723241e5d3bcfdc70eaff76b", size = 934672, upload-time = "2026-01-07T18:04:49.538Z" },
    { url = "https://files.pythonhosted.org/packages/96/10/12710a5e01218d50c3dd165fd72c5ed2699285f77348a3b1a119a191d826/pymongo-4.16.0-cp313-cp313-win_amd64.whl", hash = "sha256:3ead8a0050c53eaa55935895d6919d393d0328ec24b2b9115bdbe881aa222673", size = 959237, upload-time = "2026-01-07T18:04:51.382Z" },
    { url = "https://files.pythonhosted.org/packages/0c/56/d288bcd1d05bc17ec69df1d0b1d67bc710c7c5dbef86033a5a4d2e2b08e6/pymongo-4.16.0-cp313-cp313-win_arm64.whl", hash = "sha256:dbbc5b254c36c37d10abb50e899bc3939bbb7ab1e7c659614409af99bd3e7675", size = 940909, upload-time = "2026-01-07T18:04:52.904Z" },
    { url = "https://files.pythonhosted.org/packages/30/9e/4d343f8d0512002fce17915a89477b9f916bda1205729e042d8f23acf194/pymongo-4.16.0-cp314-cp314-macosx_10_15_x86_64.whl", hash = "sha256:8a254d49a9ffe9d7f888e3c677eed3729b14ce85abb08cd74732cead6ccc3c66", size = 1026634, upload-time = "2026-01-07T18:04:54.359Z" },
    { url = "https://files.pythonhosted.org/packages/c3/e3/341f88c5535df40c0450fda915f582757bb7d988cdfc92990a5e27c4c324/pymongo-4.16.0-cp314-cp314-macosx_11_0_arm64.whl", hash = "sha256:a1bf44e13cf2d44d2ea2e928a8140d5d667304abe1a61c4d55b4906f389fbe64", size = 1026252, upload-time = "2026-01-07T18:04:56.642Z" },
    { url = "https://files.pythonhosted.org/packages/af/64/9471b22eb98f0a2ca0b8e09393de048502111b2b5b14ab1bd9e39708aab5/pymongo-4.16.0-cp314-cp314-manylinux1_i686.manylinux_2_28_i686.manylinux_2_5_i686.whl", hash = "sha256:f1c5f1f818b669875d191323a48912d3fcd2e4906410e8297bb09ac50c4d5ccc", size = 2207399, upload-time = "2026-01-07T18:04:58.255Z" },
    { url = "https://files.pythonhosted.org/packages/87/ac/47c4d50b25a02f21764f140295a2efaa583ee7f17992a5e5fa542b3a690f/pymongo-4.16.0-cp314-cp314-manylinux2014_aarch64.manylinux_2_17_aarch64.manylinux_2_28_aarch64.whl", hash = "sha256:77cfd37a43a53b02b7bd930457c7994c924ad8bbe8dff91817904bcbf291b371", size = 2260595, upload-time = "2026-01-07T18:04:59.788Z" },
    { url = "https://files.pythonhosted.org/packages/ee/1b/0ce1ce9dd036417646b2fe6f63b58127acff3cf96eeb630c34ec9cd675ff/pymongo-4.16.0-cp314-cp314-manylinux2014_ppc64le.manylinux_2_17_ppc64le.manylinux_2_28_ppc64le.whl", hash = "sha256:36ef2fee50eee669587d742fb456e349634b4fcf8926208766078b089054b24b", size = 2366958, upload-time = "2026-01-07T18:05:01.942Z" },
    { url = "https://files.pythonhosted.org/packages/3e/3c/a5a17c0d413aa9d6c17bc35c2b472e9e79cda8068ba8e93433b5f43028e9/pymongo-4.16.0-cp314-cp314-manylinux2014_s390x.manylinux_2_17_s390x.manylinux_2_28_s390x.whl", hash = "sha256:55f8d5a6fe2fa0b823674db2293f92d74cd5f970bc0360f409a1fc21003862d3", size = 2346081, upload-time = "2026-01-07T18:05:03.576Z" },
    { url = "https://files.pythonhosted.org/packages/65/19/f815533d1a88fb8a3b6c6e895bb085ffdae68ccb1e6ed7102202a307f8e2/pymongo-4.16.0-cp314-cp314-manylinux2014_x86_64.manylinux_2_17_x86_64.manylinux_2_28_x86_64.whl", hash = "sha256:9caacac0dd105e2555521002e2d17afc08665187017b466b5753e84c016628e6", size = 2246053, upload-time = "2026-01-07T18:05:05.459Z" },
    { url = "https://files.pythonhosted.org/packages/c6/88/4be3ec78828dc64b212c123114bd6ae8db5b7676085a7b43cc75d0131bd2/pymongo-4.16.0-cp314-cp314-win32.whl", hash = "sha256:c789236366525c3ee3cd6e4e450a9ff629a7d1f4d88b8e18a0aea0615fd7ecf8", size = 989461, upload-time = "2026-01-07T18:05:07.018Z" },
    { url = "https://files.pythonhosted.org/packages/af/5a/ab8d5af76421b34db483c9c8ebc3a2199fb80ae63dc7e18f4cf1df46306a/pymongo-4.16.0-cp314-cp314-win_amd64.whl", hash = "sha256:2b0714d7764efb29bf9d3c51c964aed7c4c7237b341f9346f15ceaf8321fdb35", size = 1017803, upload-time = "2026-01-07T18:05:08.499Z" },
    { url = "https://files.pythonhosted.org/packages/f6/f4/98d68020728ac6423cf02d17cfd8226bf6cce5690b163d30d3f705e8297e/pymongo-4.16.0-cp314-cp314-win_arm64.whl", hash = "sha256:12762e7cc0f8374a8cae3b9f9ed8dabb5d438c7b33329232dd9b7de783454033", size = 997184, upload-time = "2026-01-07T18:05:09.944Z" },
    { url = "https://files.pythonhosted.org/packages/50/00/dc3a271daf06401825b9c1f4f76f018182c7738281ea54b9762aea0560c1/pymongo-4.16.0-cp314-cp314t-macosx_10_15_x86_64.whl", hash = "sha256:1c01e8a7cd0ea66baf64a118005535ab5bf9f9eb63a1b50ac3935dccf9a54abe", size = 1083303, upload-time = "2026-01-07T18:05:11.702Z" },
    { url = "https://files.pythonhosted.org/packages/b8/4b/b5375ee21d12eababe46215011ebc63801c0d2c5ffdf203849d0d79f9852/pymongo-4.16.0-cp314-cp314t-macosx_11_0_arm64.whl", hash = "sha256:4c4872299ebe315a79f7f922051061634a64fda95b6b17677ba57ef00b2ba2a4", size = 1083233, upload-time = "2026-01-07T18:05:13.182Z" },
    { url = "https://files.pythonhosted.org/packages/ee/e3/52efa3ca900622c7dcb56c5e70f15c906816d98905c22d2ee1f84d9a7b60/pymongo-4.16.0-cp314-cp314t-manylinux1_i686.manylinux_2_28_i686.manylinux_2_5_i686.whl", hash = "sha256:78037d02389745e247fe5ab0bcad5d1ab30726eaac3ad79219c7d6bbb07eec53", size = 2527438, upload-time = "2026-01-07T18:05:14.981Z" },
    { url = "https://files.pythonhosted.org/packages/cb/96/43b1be151c734e7766c725444bcbfa1de6b60cc66bfb406203746839dd25/pymongo-4.16.0-cp314-cp314t-manylinux2014_aarch64.manylinux_2_17_aarch64.manylinux_2_28_aarch64.whl", hash = "sha256:c126fb72be2518395cc0465d4bae03125119136462e1945aea19840e45d89cfc", size = 2600399, upload-time = "2026-01-07T18:05:16.794Z" },
    { url = "https://files.pythonhosted.org/packages/e7/62/fa64a5045dfe3a1cd9217232c848256e7bc0136cffb7da4735c5e0d30e40/pymongo-4.16.0-cp314-cp314t-manylinux2014_ppc64le.manylinux_2_17_ppc64le.manylinux_2_28_ppc64le.whl", hash = "sha256:f3867dc225d9423c245a51eaac2cfcd53dde8e0a8d8090bb6aed6e31bd6c2d4f", size = 2720960, upload-time = "2026-01-07T18:05:18.498Z" },
    { url = "https://files.pythonhosted.org/packages/54/7b/01577eb97e605502821273a5bc16ce0fb0be5c978fe03acdbff471471202/pymongo-4.16.0-cp314-cp314t-manylinux2014_s390x.manylinux_2_17_s390x.manylinux_2_28_s390x.whl", hash = "sha256:f25001a955073b80510c0c3db0e043dbbc36904fd69e511c74e3d8640b8a5111", size = 2699344, upload-time = "2026-01-07T18:05:20.073Z" },
    { url = "https://files.pythonhosted.org/packages/55/68/6ef6372d516f703479c3b6cbbc45a5afd307173b1cbaccd724e23919bb1a/pymongo-4.16.0-cp314-cp314t-manylinux2014_x86_64.manylinux_2_17_x86_64.manylinux_2_28_x86_64.whl", hash = "sha256:9d9885aad05f82fd7ea0c9ca505d60939746b39263fa273d0125170da8f59098", size = 2577133, upload-time = "2026-01-07T18:05:22.052Z" },
    { url = "https://files.pythonhosted.org/packages/15/c7/b5337093bb01da852f945802328665f85f8109dbe91d81ea2afe5ff059b9/pymongo-4.16.0-cp314-cp314t-win32.whl", hash = "sha256:948152b30eddeae8355495f9943a3bf66b708295c0b9b6f467de1c620f215487", size = 1040560, upload-time = "2026-01-07T18:05:23.888Z" },
    { url = "https://files.pythonhosted.org/packages/96/8c/5b448cd1b103f3889d5713dda37304c81020ff88e38a826e8a75ddff4610/pymongo-4.16.0-cp314-cp314t-win_amd64.whl", hash = "sha256:f6e42c1bc985d9beee884780ae6048790eb4cd565c46251932906bdb1630034a", size = 1075081, upload-time = "2026-01-07T18:05:26.874Z" },
    { url = "https://files.pythonhosted.org/packages/32/cd/ddc794cdc8500f6f28c119c624252fb6dfb19481c6d7ed150f13cf468a6d/pymongo-4.16.0-cp314-cp314t-win_arm64.whl", hash = "sha256:6b2a20edb5452ac8daa395890eeb076c570790dfce6b7a44d788af74c2f8cf96", size = 1047725, upload-time = "2026-01-07T18:05:28.47Z" },
]

[[package]]
name = "waitress"
version = "3.0.2"
source = { registry = "https://pypi.org/simple" }
sdist = { url = "https://files.pythonhosted.org/packages/bf/cb/04ddb054f45faa306a230769e868c28b8065ea196891f09004ebace5b184/waitress-3.0.2.tar.gz", hash = "sha256:682aaaf2af0c44ada4abfb70ded36393f0e307f4ab9456a215ce0020baefc31f", size = 179901, upload-time = "2024-11-16T20:02:35.195Z" }
wheels = [
    { url = "https://files.pythonhosted.org/packages/8d/57/a27182528c90ef38d82b636a11f606b0cbb0e17588ed205435f8affe3368/waitress-3.0.2-py3-none-any.whl", hash = "sha256:c56d67fd6e87c2ee598b76abdd4e96cfad1f24cacdea5078d382b1f9d7b5ed2e", size = 56232, upload-time = "2024-11-16T20:02:33.858Z" },
]

[[package]]
name = "werkzeug"
version = "3.1.5"
source = { registry = "https://pypi.org/simple" }
dependencies = [
    { name = "markupsafe" },
]
sdist = { url = "https://files.pythonhosted.org/packages/5a/70/1469ef1d3542ae7c2c7b72bd5e3a4e6ee69d7978fa8a3af05a38eca5becf/werkzeug-3.1.5.tar.gz", hash = "sha256:6a548b0e88955dd07ccb25539d7d0cc97417ee9e179677d22c7041c8f078ce67", size = 864754, upload-time = "2026-01-08T17:49:23.247Z" }
wheels = [
    { url = "https://files.pythonhosted.org/packages/ad/e4/8d97cca767bcc1be76d16fb76951608305561c6e056811587f36cb1316a8/werkzeug-3.1.5-py3-none-any.whl", hash = "sha256:5111e36e91086ece91f93268bb39b4a35c1e6f1feac762c9c822ded0a4e322dc", size = 225025, upload-time = "2026-01-08T17:49:21.859Z" },
]
